// !$*UTF8*$!
{
	archiveVersion = 1;
	classes = {
	};
	objectVersion = 56;
	objects = {

/* Begin PBXBuildFile section */
		ABC98B7F2AB3D9C5005214E5 /* AppDelegate.swift in Sources */ = {isa = PBXBuildFile; fileRef = ABC98B7E2AB3D9C5005214E5 /* AppDelegate.swift */; };
		ABC98B812AB3D9C5005214E5 /* SceneDelegate.swift in Sources */ = {isa = PBXBuildFile; fileRef = ABC98B802AB3D9C5005214E5 /* SceneDelegate.swift */; };
		ABC98B882AB3D9C6005214E5 /* Assets.xcassets in Resources */ = {isa = PBXBuildFile; fileRef = ABC98B872AB3D9C6005214E5 /* Assets.xcassets */; };
		ABC98B8B2AB3D9C6005214E5 /* LaunchScreen.storyboard in Resources */ = {isa = PBXBuildFile; fileRef = ABC98B892AB3D9C6005214E5 /* LaunchScreen.storyboard */; };
		ABC98B942AB3DC9C005214E5 /* TabBarViewController.swift in Sources */ = {isa = PBXBuildFile; fileRef = ABC98B932AB3DC9C005214E5 /* TabBarViewController.swift */; };
		ABC98B9A2AB3E458005214E5 /* TabBarView.swift in Sources */ = {isa = PBXBuildFile; fileRef = ABC98B992AB3E458005214E5 /* TabBarView.swift */; };
		ABC98B9C2AB3E677005214E5 /* AppointmentsViewController.swift in Sources */ = {isa = PBXBuildFile; fileRef = ABC98B9B2AB3E677005214E5 /* AppointmentsViewController.swift */; };
		ABC98B9E2AB3F0B2005214E5 /* RecurrentDataViewController.swift in Sources */ = {isa = PBXBuildFile; fileRef = ABC98B9D2AB3F0B2005214E5 /* RecurrentDataViewController.swift */; };
		ABC98BA22AB3F53D005214E5 /* AppointmentsView.swift in Sources */ = {isa = PBXBuildFile; fileRef = ABC98BA12AB3F53D005214E5 /* AppointmentsView.swift */; };
		ABC98BA82AB3F5E0005214E5 /* RecurrentDataView.swift in Sources */ = {isa = PBXBuildFile; fileRef = ABC98BA72AB3F5E0005214E5 /* RecurrentDataView.swift */; };
		ABC98BAD2AB3F61C005214E5 /* ProfileView.swift in Sources */ = {isa = PBXBuildFile; fileRef = ABC98BAC2AB3F61C005214E5 /* ProfileView.swift */; };
		ABC98BAF2AB3F630005214E5 /* ProfileViewController.swift in Sources */ = {isa = PBXBuildFile; fileRef = ABC98BAE2AB3F630005214E5 /* ProfileViewController.swift */; };
		ABC98BB42AB3FCAA005214E5 /* MaternityCardViewController.swift in Sources */ = {isa = PBXBuildFile; fileRef = ABC98BB32AB3FCAA005214E5 /* MaternityCardViewController.swift */; };
		ABC98BB62AB3FCC2005214E5 /* MaternityCardView.swift in Sources */ = {isa = PBXBuildFile; fileRef = ABC98BB52AB3FCC2005214E5 /* MaternityCardView.swift */; };
		ABC98BBC2AB4DBD6005214E5 /* AppointmentsVM.swift in Sources */ = {isa = PBXBuildFile; fileRef = ABC98BBB2AB4DBD6005214E5 /* AppointmentsVM.swift */; };
		ABC98BBF2AB83BD6005214E5 /* Constrains.swift in Sources */ = {isa = PBXBuildFile; fileRef = ABC98BBE2AB83BD6005214E5 /* Constrains.swift */; };
		ABC98BC12AB83C8D005214E5 /* TextField.swift in Sources */ = {isa = PBXBuildFile; fileRef = ABC98BC02AB83C8D005214E5 /* TextField.swift */; };
		ABC98BC42AB83EED005214E5 /* RegisterView.swift in Sources */ = {isa = PBXBuildFile; fileRef = ABC98BC32AB83EED005214E5 /* RegisterView.swift */; };
		ABC98BC62AB83FD0005214E5 /* RegisterViewController.swift in Sources */ = {isa = PBXBuildFile; fileRef = ABC98BC52AB83FD0005214E5 /* RegisterViewController.swift */; };
/* End PBXBuildFile section */

/* Begin PBXFileReference section */
		ABC98B7B2AB3D9C5005214E5 /* Mini02.app */ = {isa = PBXFileReference; explicitFileType = wrapper.application; includeInIndex = 0; path = Mini02.app; sourceTree = BUILT_PRODUCTS_DIR; };
		ABC98B7E2AB3D9C5005214E5 /* AppDelegate.swift */ = {isa = PBXFileReference; lastKnownFileType = sourcecode.swift; path = AppDelegate.swift; sourceTree = "<group>"; };
		ABC98B802AB3D9C5005214E5 /* SceneDelegate.swift */ = {isa = PBXFileReference; lastKnownFileType = sourcecode.swift; path = SceneDelegate.swift; sourceTree = "<group>"; };
		ABC98B872AB3D9C6005214E5 /* Assets.xcassets */ = {isa = PBXFileReference; lastKnownFileType = folder.assetcatalog; path = Assets.xcassets; sourceTree = "<group>"; };
		ABC98B8A2AB3D9C6005214E5 /* Base */ = {isa = PBXFileReference; lastKnownFileType = file.storyboard; name = Base; path = Base.lproj/LaunchScreen.storyboard; sourceTree = "<group>"; };
		ABC98B8C2AB3D9C6005214E5 /* Info.plist */ = {isa = PBXFileReference; lastKnownFileType = text.plist.xml; path = Info.plist; sourceTree = "<group>"; };
		ABC98B932AB3DC9C005214E5 /* TabBarViewController.swift */ = {isa = PBXFileReference; lastKnownFileType = sourcecode.swift; path = TabBarViewController.swift; sourceTree = "<group>"; };
		ABC98B992AB3E458005214E5 /* TabBarView.swift */ = {isa = PBXFileReference; lastKnownFileType = sourcecode.swift; path = TabBarView.swift; sourceTree = "<group>"; };
		ABC98B9B2AB3E677005214E5 /* AppointmentsViewController.swift */ = {isa = PBXFileReference; lastKnownFileType = sourcecode.swift; path = AppointmentsViewController.swift; sourceTree = "<group>"; };
		ABC98B9D2AB3F0B2005214E5 /* RecurrentDataViewController.swift */ = {isa = PBXFileReference; lastKnownFileType = sourcecode.swift; path = RecurrentDataViewController.swift; sourceTree = "<group>"; };
		ABC98BA12AB3F53D005214E5 /* AppointmentsView.swift */ = {isa = PBXFileReference; lastKnownFileType = sourcecode.swift; path = AppointmentsView.swift; sourceTree = "<group>"; };
		ABC98BA72AB3F5E0005214E5 /* RecurrentDataView.swift */ = {isa = PBXFileReference; lastKnownFileType = sourcecode.swift; path = RecurrentDataView.swift; sourceTree = "<group>"; };
		ABC98BAC2AB3F61C005214E5 /* ProfileView.swift */ = {isa = PBXFileReference; lastKnownFileType = sourcecode.swift; path = ProfileView.swift; sourceTree = "<group>"; };
		ABC98BAE2AB3F630005214E5 /* ProfileViewController.swift */ = {isa = PBXFileReference; lastKnownFileType = sourcecode.swift; path = ProfileViewController.swift; sourceTree = "<group>"; };
		ABC98BB32AB3FCAA005214E5 /* MaternityCardViewController.swift */ = {isa = PBXFileReference; lastKnownFileType = sourcecode.swift; path = MaternityCardViewController.swift; sourceTree = "<group>"; };
		ABC98BB52AB3FCC2005214E5 /* MaternityCardView.swift */ = {isa = PBXFileReference; lastKnownFileType = sourcecode.swift; path = MaternityCardView.swift; sourceTree = "<group>"; };
		ABC98BBB2AB4DBD6005214E5 /* AppointmentsVM.swift */ = {isa = PBXFileReference; lastKnownFileType = sourcecode.swift; path = AppointmentsVM.swift; sourceTree = "<group>"; };
		ABC98BBE2AB83BD6005214E5 /* Constrains.swift */ = {isa = PBXFileReference; lastKnownFileType = sourcecode.swift; path = Constrains.swift; sourceTree = "<group>"; };
		ABC98BC02AB83C8D005214E5 /* TextField.swift */ = {isa = PBXFileReference; lastKnownFileType = sourcecode.swift; path = TextField.swift; sourceTree = "<group>"; };
		ABC98BC32AB83EED005214E5 /* RegisterView.swift */ = {isa = PBXFileReference; lastKnownFileType = sourcecode.swift; path = RegisterView.swift; sourceTree = "<group>"; };
		ABC98BC52AB83FD0005214E5 /* RegisterViewController.swift */ = {isa = PBXFileReference; lastKnownFileType = sourcecode.swift; path = RegisterViewController.swift; sourceTree = "<group>"; };
/* End PBXFileReference section */

/* Begin PBXFrameworksBuildPhase section */
		ABC98B782AB3D9C5005214E5 /* Frameworks */ = {
			isa = PBXFrameworksBuildPhase;
			buildActionMask = 2147483647;
			files = (
			);
			runOnlyForDeploymentPostprocessing = 0;
		};
/* End PBXFrameworksBuildPhase section */

/* Begin PBXGroup section */
		ABC98B722AB3D9C5005214E5 = {
			isa = PBXGroup;
			children = (
				ABC98B7D2AB3D9C5005214E5 /* Mini02 */,
				ABC98B7C2AB3D9C5005214E5 /* Products */,
			);
			sourceTree = "<group>";
		};
		ABC98B7C2AB3D9C5005214E5 /* Products */ = {
			isa = PBXGroup;
			children = (
				ABC98B7B2AB3D9C5005214E5 /* Mini02.app */,
			);
			name = Products;
			sourceTree = "<group>";
		};
		ABC98B7D2AB3D9C5005214E5 /* Mini02 */ = {
			isa = PBXGroup;
			children = (
				ABC98BC22AB83EC8005214E5 /* Onboard */,
				ABC98B962AB3E36E005214E5 /* TabBar */,
				ABC98B9F2AB3F32E005214E5 /* Appointments */,
				ABC98BA02AB3F338005214E5 /* RecurrentData */,
				ABC98BA92AB3F5F8005214E5 /* Profile */,
				ABC98B952AB3E209005214E5 /* Delegate */,
				ABC98BBD2AB83B8C005214E5 /* Utility */,
				ABC98B922AB3DC29005214E5 /* App */,
				ABC98B8C2AB3D9C6005214E5 /* Info.plist */,
			);
			path = Mini02;
			sourceTree = "<group>";
		};
		ABC98B922AB3DC29005214E5 /* App */ = {
			isa = PBXGroup;
			children = (
				ABC98B892AB3D9C6005214E5 /* LaunchScreen.storyboard */,
				ABC98B872AB3D9C6005214E5 /* Assets.xcassets */,
			);
			path = App;
			sourceTree = "<group>";
		};
		ABC98B952AB3E209005214E5 /* Delegate */ = {
			isa = PBXGroup;
			children = (
				ABC98B802AB3D9C5005214E5 /* SceneDelegate.swift */,
				ABC98B7E2AB3D9C5005214E5 /* AppDelegate.swift */,
			);
			path = Delegate;
			sourceTree = "<group>";
		};
		ABC98B962AB3E36E005214E5 /* TabBar */ = {
			isa = PBXGroup;
			children = (
				ABC98B992AB3E458005214E5 /* TabBarView.swift */,
				ABC98B932AB3DC9C005214E5 /* TabBarViewController.swift */,
			);
			path = TabBar;
			sourceTree = "<group>";
		};
		ABC98B9F2AB3F32E005214E5 /* Appointments */ = {
			isa = PBXGroup;
			children = (
				ABC98BA12AB3F53D005214E5 /* AppointmentsView.swift */,
				ABC98BBB2AB4DBD6005214E5 /* AppointmentsVM.swift */,
				ABC98B9B2AB3E677005214E5 /* AppointmentsViewController.swift */,
				ABC98BB22AB3FC46005214E5 /* MaternityCard */,
			);
			path = Appointments;
			sourceTree = "<group>";
		};
		ABC98BA02AB3F338005214E5 /* RecurrentData */ = {
			isa = PBXGroup;
			children = (
				ABC98BA72AB3F5E0005214E5 /* RecurrentDataView.swift */,
				ABC98B9D2AB3F0B2005214E5 /* RecurrentDataViewController.swift */,
			);
			path = RecurrentData;
			sourceTree = "<group>";
		};
		ABC98BA92AB3F5F8005214E5 /* Profile */ = {
			isa = PBXGroup;
			children = (
				ABC98BAC2AB3F61C005214E5 /* ProfileView.swift */,
				ABC98BAE2AB3F630005214E5 /* ProfileViewController.swift */,
			);
			path = Profile;
			sourceTree = "<group>";
		};
		ABC98BB22AB3FC46005214E5 /* MaternityCard */ = {
			isa = PBXGroup;
			children = (
				ABC98BB52AB3FCC2005214E5 /* MaternityCardView.swift */,
				ABC98BB32AB3FCAA005214E5 /* MaternityCardViewController.swift */,
			);
			path = MaternityCard;
			sourceTree = "<group>";
		};
		ABC98BBD2AB83B8C005214E5 /* Utility */ = {
			isa = PBXGroup;
			children = (
				ABC98BBE2AB83BD6005214E5 /* Constrains.swift */,
				ABC98BC02AB83C8D005214E5 /* TextField.swift */,
			);
			path = Utility;
			sourceTree = "<group>";
		};
		ABC98BC22AB83EC8005214E5 /* Onboard */ = {
			isa = PBXGroup;
			children = (
				ABC98BC32AB83EED005214E5 /* RegisterView.swift */,
				ABC98BC52AB83FD0005214E5 /* RegisterViewController.swift */,
			);
			path = Onboard;
			sourceTree = "<group>";
		};
/* End PBXGroup section */

/* Begin PBXNativeTarget section */
		ABC98B7A2AB3D9C5005214E5 /* Mini02 */ = {
			isa = PBXNativeTarget;
			buildConfigurationList = ABC98B8F2AB3D9C6005214E5 /* Build configuration list for PBXNativeTarget "Mini02" */;
			buildPhases = (
				ABC98B772AB3D9C5005214E5 /* Sources */,
				ABC98B782AB3D9C5005214E5 /* Frameworks */,
				ABC98B792AB3D9C5005214E5 /* Resources */,
			);
			buildRules = (
			);
			dependencies = (
			);
			name = Mini02;
			productName = Mini02;
			productReference = ABC98B7B2AB3D9C5005214E5 /* Mini02.app */;
			productType = "com.apple.product-type.application";
		};
/* End PBXNativeTarget section */

/* Begin PBXProject section */
		ABC98B732AB3D9C5005214E5 /* Project object */ = {
			isa = PBXProject;
			attributes = {
				BuildIndependentTargetsInParallel = 1;
				LastSwiftUpdateCheck = 1430;
				LastUpgradeCheck = 1430;
				TargetAttributes = {
					ABC98B7A2AB3D9C5005214E5 = {
						CreatedOnToolsVersion = 14.3.1;
					};
				};
			};
			buildConfigurationList = ABC98B762AB3D9C5005214E5 /* Build configuration list for PBXProject "Mini02" */;
			compatibilityVersion = "Xcode 14.0";
			developmentRegion = en;
			hasScannedForEncodings = 0;
			knownRegions = (
				en,
				Base,
			);
			mainGroup = ABC98B722AB3D9C5005214E5;
			productRefGroup = ABC98B7C2AB3D9C5005214E5 /* Products */;
			projectDirPath = "";
			projectRoot = "";
			targets = (
				ABC98B7A2AB3D9C5005214E5 /* Mini02 */,
			);
		};
/* End PBXProject section */

/* Begin PBXResourcesBuildPhase section */
		ABC98B792AB3D9C5005214E5 /* Resources */ = {
			isa = PBXResourcesBuildPhase;
			buildActionMask = 2147483647;
			files = (
				ABC98B8B2AB3D9C6005214E5 /* LaunchScreen.storyboard in Resources */,
				ABC98B882AB3D9C6005214E5 /* Assets.xcassets in Resources */,
			);
			runOnlyForDeploymentPostprocessing = 0;
		};
/* End PBXResourcesBuildPhase section */

/* Begin PBXSourcesBuildPhase section */
		ABC98B772AB3D9C5005214E5 /* Sources */ = {
			isa = PBXSourcesBuildPhase;
			buildActionMask = 2147483647;
			files = (
				ABC98BAD2AB3F61C005214E5 /* ProfileView.swift in Sources */,
				ABC98B9E2AB3F0B2005214E5 /* RecurrentDataViewController.swift in Sources */,
				ABC98BA82AB3F5E0005214E5 /* RecurrentDataView.swift in Sources */,
				ABC98BC12AB83C8D005214E5 /* TextField.swift in Sources */,
				ABC98BBC2AB4DBD6005214E5 /* AppointmentsVM.swift in Sources */,
				ABC98BAF2AB3F630005214E5 /* ProfileViewController.swift in Sources */,
				ABC98BBF2AB83BD6005214E5 /* Constrains.swift in Sources */,
				ABC98B7F2AB3D9C5005214E5 /* AppDelegate.swift in Sources */,
				ABC98BB62AB3FCC2005214E5 /* MaternityCardView.swift in Sources */,
				ABC98BB42AB3FCAA005214E5 /* MaternityCardViewController.swift in Sources */,
				ABC98B942AB3DC9C005214E5 /* TabBarViewController.swift in Sources */,
				ABC98B9A2AB3E458005214E5 /* TabBarView.swift in Sources */,
				ABC98B812AB3D9C5005214E5 /* SceneDelegate.swift in Sources */,
				ABC98BC62AB83FD0005214E5 /* RegisterViewController.swift in Sources */,
				ABC98BA22AB3F53D005214E5 /* AppointmentsView.swift in Sources */,
				ABC98BC42AB83EED005214E5 /* RegisterView.swift in Sources */,
				ABC98B9C2AB3E677005214E5 /* AppointmentsViewController.swift in Sources */,
			);
			runOnlyForDeploymentPostprocessing = 0;
		};
/* End PBXSourcesBuildPhase section */

/* Begin PBXVariantGroup section */
		ABC98B892AB3D9C6005214E5 /* LaunchScreen.storyboard */ = {
			isa = PBXVariantGroup;
			children = (
				ABC98B8A2AB3D9C6005214E5 /* Base */,
			);
			name = LaunchScreen.storyboard;
			sourceTree = "<group>";
		};
/* End PBXVariantGroup section */

/* Begin XCBuildConfiguration section */
		ABC98B8D2AB3D9C6005214E5 /* Debug */ = {
			isa = XCBuildConfiguration;
			buildSettings = {
				ALWAYS_SEARCH_USER_PATHS = NO;
				CLANG_ANALYZER_NONNULL = YES;
				CLANG_ANALYZER_NUMBER_OBJECT_CONVERSION = YES_AGGRESSIVE;
				CLANG_CXX_LANGUAGE_STANDARD = "gnu++20";
				CLANG_ENABLE_MODULES = YES;
				CLANG_ENABLE_OBJC_ARC = YES;
				CLANG_ENABLE_OBJC_WEAK = YES;
				CLANG_WARN_BLOCK_CAPTURE_AUTORELEASING = YES;
				CLANG_WARN_BOOL_CONVERSION = YES;
				CLANG_WARN_COMMA = YES;
				CLANG_WARN_CONSTANT_CONVERSION = YES;
				CLANG_WARN_DEPRECATED_OBJC_IMPLEMENTATIONS = YES;
				CLANG_WARN_DIRECT_OBJC_ISA_USAGE = YES_ERROR;
				CLANG_WARN_DOCUMENTATION_COMMENTS = YES;
				CLANG_WARN_EMPTY_BODY = YES;
				CLANG_WARN_ENUM_CONVERSION = YES;
				CLANG_WARN_INFINITE_RECURSION = YES;
				CLANG_WARN_INT_CONVERSION = YES;
				CLANG_WARN_NON_LITERAL_NULL_CONVERSION = YES;
				CLANG_WARN_OBJC_IMPLICIT_RETAIN_SELF = YES;
				CLANG_WARN_OBJC_LITERAL_CONVERSION = YES;
				CLANG_WARN_OBJC_ROOT_CLASS = YES_ERROR;
				CLANG_WARN_QUOTED_INCLUDE_IN_FRAMEWORK_HEADER = YES;
				CLANG_WARN_RANGE_LOOP_ANALYSIS = YES;
				CLANG_WARN_STRICT_PROTOTYPES = YES;
				CLANG_WARN_SUSPICIOUS_MOVE = YES;
				CLANG_WARN_UNGUARDED_AVAILABILITY = YES_AGGRESSIVE;
				CLANG_WARN_UNREACHABLE_CODE = YES;
				CLANG_WARN__DUPLICATE_METHOD_MATCH = YES;
				COPY_PHASE_STRIP = NO;
				DEBUG_INFORMATION_FORMAT = dwarf;
				ENABLE_STRICT_OBJC_MSGSEND = YES;
				ENABLE_TESTABILITY = YES;
				GCC_C_LANGUAGE_STANDARD = gnu11;
				GCC_DYNAMIC_NO_PIC = NO;
				GCC_NO_COMMON_BLOCKS = YES;
				GCC_OPTIMIZATION_LEVEL = 0;
				GCC_PREPROCESSOR_DEFINITIONS = (
					"DEBUG=1",
					"$(inherited)",
				);
				GCC_WARN_64_TO_32_BIT_CONVERSION = YES;
				GCC_WARN_ABOUT_RETURN_TYPE = YES_ERROR;
				GCC_WARN_UNDECLARED_SELECTOR = YES;
				GCC_WARN_UNINITIALIZED_AUTOS = YES_AGGRESSIVE;
				GCC_WARN_UNUSED_FUNCTION = YES;
				GCC_WARN_UNUSED_VARIABLE = YES;
				IPHONEOS_DEPLOYMENT_TARGET = 16.4;
				MTL_ENABLE_DEBUG_INFO = INCLUDE_SOURCE;
				MTL_FAST_MATH = YES;
				ONLY_ACTIVE_ARCH = YES;
				SDKROOT = iphoneos;
				SWIFT_ACTIVE_COMPILATION_CONDITIONS = DEBUG;
				SWIFT_OPTIMIZATION_LEVEL = "-Onone";
			};
			name = Debug;
		};
		ABC98B8E2AB3D9C6005214E5 /* Release */ = {
			isa = XCBuildConfiguration;
			buildSettings = {
				ALWAYS_SEARCH_USER_PATHS = NO;
				CLANG_ANALYZER_NONNULL = YES;
				CLANG_ANALYZER_NUMBER_OBJECT_CONVERSION = YES_AGGRESSIVE;
				CLANG_CXX_LANGUAGE_STANDARD = "gnu++20";
				CLANG_ENABLE_MODULES = YES;
				CLANG_ENABLE_OBJC_ARC = YES;
				CLANG_ENABLE_OBJC_WEAK = YES;
				CLANG_WARN_BLOCK_CAPTURE_AUTORELEASING = YES;
				CLANG_WARN_BOOL_CONVERSION = YES;
				CLANG_WARN_COMMA = YES;
				CLANG_WARN_CONSTANT_CONVERSION = YES;
				CLANG_WARN_DEPRECATED_OBJC_IMPLEMENTATIONS = YES;
				CLANG_WARN_DIRECT_OBJC_ISA_USAGE = YES_ERROR;
				CLANG_WARN_DOCUMENTATION_COMMENTS = YES;
				CLANG_WARN_EMPTY_BODY = YES;
				CLANG_WARN_ENUM_CONVERSION = YES;
				CLANG_WARN_INFINITE_RECURSION = YES;
				CLANG_WARN_INT_CONVERSION = YES;
				CLANG_WARN_NON_LITERAL_NULL_CONVERSION = YES;
				CLANG_WARN_OBJC_IMPLICIT_RETAIN_SELF = YES;
				CLANG_WARN_OBJC_LITERAL_CONVERSION = YES;
				CLANG_WARN_OBJC_ROOT_CLASS = YES_ERROR;
				CLANG_WARN_QUOTED_INCLUDE_IN_FRAMEWORK_HEADER = YES;
				CLANG_WARN_RANGE_LOOP_ANALYSIS = YES;
				CLANG_WARN_STRICT_PROTOTYPES = YES;
				CLANG_WARN_SUSPICIOUS_MOVE = YES;
				CLANG_WARN_UNGUARDED_AVAILABILITY = YES_AGGRESSIVE;
				CLANG_WARN_UNREACHABLE_CODE = YES;
				CLANG_WARN__DUPLICATE_METHOD_MATCH = YES;
				COPY_PHASE_STRIP = NO;
				DEBUG_INFORMATION_FORMAT = "dwarf-with-dsym";
				ENABLE_NS_ASSERTIONS = NO;
				ENABLE_STRICT_OBJC_MSGSEND = YES;
				GCC_C_LANGUAGE_STANDARD = gnu11;
				GCC_NO_COMMON_BLOCKS = YES;
				GCC_WARN_64_TO_32_BIT_CONVERSION = YES;
				GCC_WARN_ABOUT_RETURN_TYPE = YES_ERROR;
				GCC_WARN_UNDECLARED_SELECTOR = YES;
				GCC_WARN_UNINITIALIZED_AUTOS = YES_AGGRESSIVE;
				GCC_WARN_UNUSED_FUNCTION = YES;
				GCC_WARN_UNUSED_VARIABLE = YES;
				IPHONEOS_DEPLOYMENT_TARGET = 16.4;
				MTL_ENABLE_DEBUG_INFO = NO;
				MTL_FAST_MATH = YES;
				SDKROOT = iphoneos;
				SWIFT_COMPILATION_MODE = wholemodule;
				SWIFT_OPTIMIZATION_LEVEL = "-O";
				VALIDATE_PRODUCT = YES;
			};
			name = Release;
		};
		ABC98B902AB3D9C6005214E5 /* Debug */ = {
			isa = XCBuildConfiguration;
			buildSettings = {
				ASSETCATALOG_COMPILER_APPICON_NAME = AppIcon;
				ASSETCATALOG_COMPILER_GLOBAL_ACCENT_COLOR_NAME = AccentColor;
				CODE_SIGN_STYLE = Automatic;
				CURRENT_PROJECT_VERSION = 1;
				DEVELOPMENT_TEAM = 6FXWX5Z987;
				GENERATE_INFOPLIST_FILE = YES;
				INFOPLIST_FILE = Mini02/Info.plist;
				INFOPLIST_KEY_UIApplicationSupportsIndirectInputEvents = YES;
				INFOPLIST_KEY_UILaunchStoryboardName = LaunchScreen;
				INFOPLIST_KEY_UISupportedInterfaceOrientations_iPad = "UIInterfaceOrientationPortrait UIInterfaceOrientationPortraitUpsideDown UIInterfaceOrientationLandscapeLeft UIInterfaceOrientationLandscapeRight";
				INFOPLIST_KEY_UISupportedInterfaceOrientations_iPhone = "UIInterfaceOrientationPortrait UIInterfaceOrientationLandscapeLeft UIInterfaceOrientationLandscapeRight";
				LD_RUNPATH_SEARCH_PATHS = (
					"$(inherited)",
					"@executable_path/Frameworks",
				);
				MARKETING_VERSION = 1.0;
				PRODUCT_BUNDLE_IDENTIFIER = Gabriel.Mini02;
				PRODUCT_NAME = "$(TARGET_NAME)";
				SWIFT_EMIT_LOC_STRINGS = YES;
				SWIFT_VERSION = 5.0;
				TARGETED_DEVICE_FAMILY = "1,2";
			};
			name = Debug;
		};
		ABC98B912AB3D9C6005214E5 /* Release */ = {
			isa = XCBuildConfiguration;
			buildSettings = {
				ASSETCATALOG_COMPILER_APPICON_NAME = AppIcon;
				ASSETCATALOG_COMPILER_GLOBAL_ACCENT_COLOR_NAME = AccentColor;
				CODE_SIGN_STYLE = Automatic;
				CURRENT_PROJECT_VERSION = 1;
				DEVELOPMENT_TEAM = 6FXWX5Z987;
				GENERATE_INFOPLIST_FILE = YES;
				INFOPLIST_FILE = Mini02/Info.plist;
				INFOPLIST_KEY_UIApplicationSupportsIndirectInputEvents = YES;
				INFOPLIST_KEY_UILaunchStoryboardName = LaunchScreen;
				INFOPLIST_KEY_UISupportedInterfaceOrientations_iPad = "UIInterfaceOrientationPortrait UIInterfaceOrientationPortraitUpsideDown UIInterfaceOrientationLandscapeLeft UIInterfaceOrientationLandscapeRight";
				INFOPLIST_KEY_UISupportedInterfaceOrientations_iPhone = "UIInterfaceOrientationPortrait UIInterfaceOrientationLandscapeLeft UIInterfaceOrientationLandscapeRight";
				LD_RUNPATH_SEARCH_PATHS = (
					"$(inherited)",
					"@executable_path/Frameworks",
				);
				MARKETING_VERSION = 1.0;
				PRODUCT_BUNDLE_IDENTIFIER = Gabriel.Mini02;
				PRODUCT_NAME = "$(TARGET_NAME)";
				SWIFT_EMIT_LOC_STRINGS = YES;
				SWIFT_VERSION = 5.0;
				TARGETED_DEVICE_FAMILY = "1,2";
			};
			name = Release;
		};
/* End XCBuildConfiguration section */

/* Begin XCConfigurationList section */
		ABC98B762AB3D9C5005214E5 /* Build configuration list for PBXProject "Mini02" */ = {
			isa = XCConfigurationList;
			buildConfigurations = (
				ABC98B8D2AB3D9C6005214E5 /* Debug */,
				ABC98B8E2AB3D9C6005214E5 /* Release */,
			);
			defaultConfigurationIsVisible = 0;
			defaultConfigurationName = Release;
		};
		ABC98B8F2AB3D9C6005214E5 /* Build configuration list for PBXNativeTarget "Mini02" */ = {
			isa = XCConfigurationList;
			buildConfigurations = (
				ABC98B902AB3D9C6005214E5 /* Debug */,
				ABC98B912AB3D9C6005214E5 /* Release */,
			);
			defaultConfigurationIsVisible = 0;
			defaultConfigurationName = Release;
		};
/* End XCConfigurationList section */
	};
	rootObject = ABC98B732AB3D9C5005214E5 /* Project object */;
}
