// !$*UTF8*$!
{
	archiveVersion = 1;
	classes = {
	};
	objectVersion = 56;
	objects = {

/* Begin PBXBuildFile section */
		6220F7CB2ABCD32A00CB5230 /* AppointmentsListVM.swift in Sources */ = {isa = PBXBuildFile; fileRef = 6220F7CA2ABCD32A00CB5230 /* AppointmentsListVM.swift */; };
		6241A1602AC221D800C7921B /* ModalView.swift in Sources */ = {isa = PBXBuildFile; fileRef = 6241A15F2AC221D800C7921B /* ModalView.swift */; };
		6241A1642AC6212000C7921B /* HistoryViewController.swift in Sources */ = {isa = PBXBuildFile; fileRef = 6241A1632AC6212000C7921B /* HistoryViewController.swift */; };
		6241A1F52AC7440E00C7921B /* SignikaNegative-Medium.ttf in Resources */ = {isa = PBXBuildFile; fileRef = 6241A1E92AC7434500C7921B /* SignikaNegative-Medium.ttf */; };
		6241A1F62AC7440E00C7921B /* Signika-Semibold.ttf in Resources */ = {isa = PBXBuildFile; fileRef = 6241A1E42AC7434500C7921B /* Signika-Semibold.ttf */; };
		6241A1F72AC7440E00C7921B /* SignikaNegative-Semibold.ttf in Resources */ = {isa = PBXBuildFile; fileRef = 6241A1E12AC7434500C7921B /* SignikaNegative-Semibold.ttf */; };
		6241A1F82AC7440E00C7921B /* Signika-Medium.ttf in Resources */ = {isa = PBXBuildFile; fileRef = 6241A1E62AC7434500C7921B /* Signika-Medium.ttf */; };
		6241A1F92AC7440E00C7921B /* SignikaNegative-Light.ttf in Resources */ = {isa = PBXBuildFile; fileRef = 6241A1E02AC7434400C7921B /* SignikaNegative-Light.ttf */; };
		6241A1FA2AC7440E00C7921B /* SignikaNegative-Bold.ttf in Resources */ = {isa = PBXBuildFile; fileRef = 6241A1E72AC7434500C7921B /* SignikaNegative-Bold.ttf */; };
		6241A1FB2AC7440E00C7921B /* SignikaNegative-Regular.ttf in Resources */ = {isa = PBXBuildFile; fileRef = 6241A1E82AC7434500C7921B /* SignikaNegative-Regular.ttf */; };
		6241A1FC2AC7440E00C7921B /* Signika-Bold.ttf in Resources */ = {isa = PBXBuildFile; fileRef = 6241A1E22AC7434500C7921B /* Signika-Bold.ttf */; };
		6241A1FD2AC7440E00C7921B /* Signika-Regular.ttf in Resources */ = {isa = PBXBuildFile; fileRef = 6241A1E32AC7434500C7921B /* Signika-Regular.ttf */; };
		6241A1FE2AC7440E00C7921B /* Signika-Light.ttf in Resources */ = {isa = PBXBuildFile; fileRef = 6241A1E52AC7434500C7921B /* Signika-Light.ttf */; };
		6272BFB02AD49759008B589B /* appointmentSectionBuilder.swift in Sources */ = {isa = PBXBuildFile; fileRef = 6272BFAF2AD49759008B589B /* appointmentSectionBuilder.swift */; };
		62D39EAD2ABF1CCC003CF99F /* UtrasoundExam.swift in Sources */ = {isa = PBXBuildFile; fileRef = 62D39EAC2ABF1CCC003CF99F /* UtrasoundExam.swift */; };
		62FA7C3A2ABE17160083F6E0 /* BloodExamModel.swift in Sources */ = {isa = PBXBuildFile; fileRef = 62FA7C392ABE17160083F6E0 /* BloodExamModel.swift */; };
		AB7852F02AB9F95200566EF9 /* BloodView.swift in Sources */ = {isa = PBXBuildFile; fileRef = AB7852EF2AB9F95100566EF9 /* BloodView.swift */; };
		AB7852F22AB9F97400566EF9 /* UltrasoundView.swift in Sources */ = {isa = PBXBuildFile; fileRef = AB7852F12AB9F97400566EF9 /* UltrasoundView.swift */; };
		AB9D941A2ACB3D6B0064DB69 /* FooterCell.swift in Sources */ = {isa = PBXBuildFile; fileRef = AB9D94192ACB3D6B0064DB69 /* FooterCell.swift */; };
		AB9D941C2ACC988B0064DB69 /* HeaderCell.swift in Sources */ = {isa = PBXBuildFile; fileRef = AB9D941B2ACC988B0064DB69 /* HeaderCell.swift */; };
		AB9D94212ACE3D0B0064DB69 /* BloodView2.swift in Sources */ = {isa = PBXBuildFile; fileRef = AB9D94202ACE3D0B0064DB69 /* BloodView2.swift */; };
		AB9D94242ACE3D5E0064DB69 /* TetanicView.swift in Sources */ = {isa = PBXBuildFile; fileRef = AB9D94232ACE3D5E0064DB69 /* TetanicView.swift */; };
		AB9D94272ACE3DD40064DB69 /* HepatitisBView.swift in Sources */ = {isa = PBXBuildFile; fileRef = AB9D94262ACE3DD40064DB69 /* HepatitisBView.swift */; };
		AB9D94292ACE3E670064DB69 /* H1N1View.swift in Sources */ = {isa = PBXBuildFile; fileRef = AB9D94282ACE3E670064DB69 /* H1N1View.swift */; };
		AB9D942D2AD0609A0064DB69 /* CustomSeparatorView.swift in Sources */ = {isa = PBXBuildFile; fileRef = AB9D942C2AD0609A0064DB69 /* CustomSeparatorView.swift */; };
		AB9D942F2AD068C00064DB69 /* DropDownWithLabel.swift in Sources */ = {isa = PBXBuildFile; fileRef = AB9D942E2AD068C00064DB69 /* DropDownWithLabel.swift */; };
		AB9D94312AD0A2670064DB69 /* PullDownComponent.swift in Sources */ = {isa = PBXBuildFile; fileRef = AB9D94302AD0A2670064DB69 /* PullDownComponent.swift */; };
		ABAD4F2B2ABD25C3007BEC32 /* CheckBoxComponentGreenView.swift in Sources */ = {isa = PBXBuildFile; fileRef = ABAD4F2A2ABD25C3007BEC32 /* CheckBoxComponentGreenView.swift */; };
		ABAD4F2E2ABDF31B007BEC32 /* CheckBoxComponentRedView.swift in Sources */ = {isa = PBXBuildFile; fileRef = ABAD4F2D2ABDF31B007BEC32 /* CheckBoxComponentRedView.swift */; };
		ABAD4F412ABE1C99007BEC32 /* LabelComponentView.swift in Sources */ = {isa = PBXBuildFile; fileRef = ABAD4F402ABE1C99007BEC32 /* LabelComponentView.swift */; };
		ABAD4F452ABE22C1007BEC32 /* LabelComponentModel.swift in Sources */ = {isa = PBXBuildFile; fileRef = ABAD4F442ABE22C1007BEC32 /* LabelComponentModel.swift */; };
		ABAD4F472ABE2B1A007BEC32 /* AppointmentsVM.swift in Sources */ = {isa = PBXBuildFile; fileRef = ABAD4F462ABE2B1A007BEC32 /* AppointmentsVM.swift */; };
		ABAD4F4B2AC1A4AB007BEC32 /* PickerComponent.swift in Sources */ = {isa = PBXBuildFile; fileRef = ABAD4F4A2AC1A4AB007BEC32 /* PickerComponent.swift */; };
		ABAD4F4D2AC21514007BEC32 /* DropDownMenuComponent.swift in Sources */ = {isa = PBXBuildFile; fileRef = ABAD4F4C2AC21514007BEC32 /* DropDownMenuComponent.swift */; };
		ABAD4F542AC45DDE007BEC32 /* DropDownComponentView.swift in Sources */ = {isa = PBXBuildFile; fileRef = ABAD4F532AC45DDE007BEC32 /* DropDownComponentView.swift */; };
		ABB82F132AC5FCF8008B73AF /* HistoryView.swift in Sources */ = {isa = PBXBuildFile; fileRef = ABB82F122AC5FCF8008B73AF /* HistoryView.swift */; };
		ABB82F162AC60931008B73AF /* RoutineDataView.swift in Sources */ = {isa = PBXBuildFile; fileRef = ABB82F152AC60931008B73AF /* RoutineDataView.swift */; };
		ABC98B7F2AB3D9C5005214E5 /* AppDelegate.swift in Sources */ = {isa = PBXBuildFile; fileRef = ABC98B7E2AB3D9C5005214E5 /* AppDelegate.swift */; };
		ABC98B812AB3D9C5005214E5 /* SceneDelegate.swift in Sources */ = {isa = PBXBuildFile; fileRef = ABC98B802AB3D9C5005214E5 /* SceneDelegate.swift */; };
		ABC98B882AB3D9C6005214E5 /* Assets.xcassets in Resources */ = {isa = PBXBuildFile; fileRef = ABC98B872AB3D9C6005214E5 /* Assets.xcassets */; };
		ABC98B8B2AB3D9C6005214E5 /* LaunchScreen.storyboard in Resources */ = {isa = PBXBuildFile; fileRef = ABC98B892AB3D9C6005214E5 /* LaunchScreen.storyboard */; };
		ABC98B942AB3DC9C005214E5 /* TabBarViewController.swift in Sources */ = {isa = PBXBuildFile; fileRef = ABC98B932AB3DC9C005214E5 /* TabBarViewController.swift */; };
		ABC98B9A2AB3E458005214E5 /* TabBarView.swift in Sources */ = {isa = PBXBuildFile; fileRef = ABC98B992AB3E458005214E5 /* TabBarView.swift */; };
		ABC98B9C2AB3E677005214E5 /* AppointmentsViewController.swift in Sources */ = {isa = PBXBuildFile; fileRef = ABC98B9B2AB3E677005214E5 /* AppointmentsViewController.swift */; };
		ABC98B9E2AB3F0B2005214E5 /* RecurrentDataViewController.swift in Sources */ = {isa = PBXBuildFile; fileRef = ABC98B9D2AB3F0B2005214E5 /* RecurrentDataViewController.swift */; };
		ABC98BA22AB3F53D005214E5 /* AppointmentsView.swift in Sources */ = {isa = PBXBuildFile; fileRef = ABC98BA12AB3F53D005214E5 /* AppointmentsView.swift */; };
		ABC98BA82AB3F5E0005214E5 /* RecurrentDataView.swift in Sources */ = {isa = PBXBuildFile; fileRef = ABC98BA72AB3F5E0005214E5 /* RecurrentDataView.swift */; };
		ABC98BAD2AB3F61C005214E5 /* ProfileView.swift in Sources */ = {isa = PBXBuildFile; fileRef = ABC98BAC2AB3F61C005214E5 /* ProfileView.swift */; };
		ABC98BAF2AB3F630005214E5 /* ProfileViewController.swift in Sources */ = {isa = PBXBuildFile; fileRef = ABC98BAE2AB3F630005214E5 /* ProfileViewController.swift */; };
		ABC98BB42AB3FCAA005214E5 /* MaternityCardViewController.swift in Sources */ = {isa = PBXBuildFile; fileRef = ABC98BB32AB3FCAA005214E5 /* MaternityCardViewController.swift */; };
		ABC98BB62AB3FCC2005214E5 /* MaternityCardCell.swift in Sources */ = {isa = PBXBuildFile; fileRef = ABC98BB52AB3FCC2005214E5 /* MaternityCardCell.swift */; };
		ABC98BBF2AB83BD6005214E5 /* Constrains.swift in Sources */ = {isa = PBXBuildFile; fileRef = ABC98BBE2AB83BD6005214E5 /* Constrains.swift */; };
		ABC98BC12AB83C8D005214E5 /* TextField.swift in Sources */ = {isa = PBXBuildFile; fileRef = ABC98BC02AB83C8D005214E5 /* TextField.swift */; };
		ABC98BC42AB83EED005214E5 /* RegisterView.swift in Sources */ = {isa = PBXBuildFile; fileRef = ABC98BC32AB83EED005214E5 /* RegisterView.swift */; };
		ABC98BC62AB83FD0005214E5 /* RegisterViewController.swift in Sources */ = {isa = PBXBuildFile; fileRef = ABC98BC52AB83FD0005214E5 /* RegisterViewController.swift */; };
		ABFA04E52ABC9A5200D31DEA /* MaternityCardViewModel.swift in Sources */ = {isa = PBXBuildFile; fileRef = ABFA04E42ABC9A5200D31DEA /* MaternityCardViewModel.swift */; };
		ABFA04E72ABCBE0000D31DEA /* MaternityCardModel.swift in Sources */ = {isa = PBXBuildFile; fileRef = ABFA04E62ABCBE0000D31DEA /* MaternityCardModel.swift */; };
		ABFA04ED2ABCCF7500D31DEA /* AppointmentListCell.swift in Sources */ = {isa = PBXBuildFile; fileRef = ABFA04E92ABCCF7500D31DEA /* AppointmentListCell.swift */; };
		ABFA04EE2ABCCF7500D31DEA /* ListViewController.swift in Sources */ = {isa = PBXBuildFile; fileRef = ABFA04EA2ABCCF7500D31DEA /* ListViewController.swift */; };
		ABFA04EF2ABCCF7500D31DEA /* ListView.swift in Sources */ = {isa = PBXBuildFile; fileRef = ABFA04EB2ABCCF7500D31DEA /* ListView.swift */; };
		ABFA04F02ABCCF7500D31DEA /* AppointementsTableController.swift in Sources */ = {isa = PBXBuildFile; fileRef = ABFA04EC2ABCCF7500D31DEA /* AppointementsTableController.swift */; };
		ABFDA7732AC60B460097656E /* PregnancyRiskView.swift in Sources */ = {isa = PBXBuildFile; fileRef = ABFDA7722AC60B460097656E /* PregnancyRiskView.swift */; };
		ABFDA7752AC646470097656E /* PlannedView.swift in Sources */ = {isa = PBXBuildFile; fileRef = ABFDA7742AC646470097656E /* PlannedView.swift */; };
		ABFDA7772AC656030097656E /* PregnancyTypeView.swift in Sources */ = {isa = PBXBuildFile; fileRef = ABFDA7762AC656030097656E /* PregnancyTypeView.swift */; };
		ABFDA7792AC65A600097656E /* StackViews.swift in Sources */ = {isa = PBXBuildFile; fileRef = ABFDA7782AC65A600097656E /* StackViews.swift */; };
		ABFDA77B2AC6769B0097656E /* FamilyAntecedentView.swift in Sources */ = {isa = PBXBuildFile; fileRef = ABFDA77A2AC6769B0097656E /* FamilyAntecedentView.swift */; };
		ABFDA77D2AC67BBA0097656E /* CurrentGestationView.swift in Sources */ = {isa = PBXBuildFile; fileRef = ABFDA77C2AC67BBA0097656E /* CurrentGestationView.swift */; };
		ABFDA77F2AC67BE10097656E /* ClinicAntecedentsView.swift in Sources */ = {isa = PBXBuildFile; fileRef = ABFDA77E2AC67BE10097656E /* ClinicAntecedentsView.swift */; };
		CE0BFA682AC7464C0053C2A6 /* RecurrenteDataViewModel.swift in Sources */ = {isa = PBXBuildFile; fileRef = CE0BFA672AC7464C0053C2A6 /* RecurrenteDataViewModel.swift */; };
		CE60D0502ACDAAB900937768 /* Vaccines.swift in Sources */ = {isa = PBXBuildFile; fileRef = CE60D04F2ACDAAB900937768 /* Vaccines.swift */; };
		CE60D05C2ACDD6FC00937768 /* Consulta.swift in Sources */ = {isa = PBXBuildFile; fileRef = CE60D05B2ACDD6FC00937768 /* Consulta.swift */; };
		CE60D06F2ACDF6E000937768 /* Pacient+CoreDataClass.swift in Sources */ = {isa = PBXBuildFile; fileRef = CE60D06D2ACDF6E000937768 /* Pacient+CoreDataClass.swift */; };
		CE60D0702ACDF6E000937768 /* Pacient+CoreDataProperties.swift in Sources */ = {isa = PBXBuildFile; fileRef = CE60D06E2ACDF6E000937768 /* Pacient+CoreDataProperties.swift */; };
		CE8EE3462AC5F665000E89E1 /* PersonalBGModel.swift in Sources */ = {isa = PBXBuildFile; fileRef = CE8EE3452AC5F665000E89E1 /* PersonalBGModel.swift */; };
		CE8EE3482AC5F690000E89E1 /* FamilyBGModel.swift in Sources */ = {isa = PBXBuildFile; fileRef = CE8EE3472AC5F690000E89E1 /* FamilyBGModel.swift */; };
		CE8EE34B2AC5F7F1000E89E1 /* PacientModel.swift in Sources */ = {isa = PBXBuildFile; fileRef = CE8EE34A2AC5F7F1000E89E1 /* PacientModel.swift */; };
		CE9F790B2AC4A27A0081AB5A /* PregnantDataViewController.swift in Sources */ = {isa = PBXBuildFile; fileRef = CE9F790A2AC4A27A0081AB5A /* PregnantDataViewController.swift */; };
		CE9F790D2AC4A2830081AB5A /* RoundedCorners.swift in Sources */ = {isa = PBXBuildFile; fileRef = CE9F790C2AC4A2830081AB5A /* RoundedCorners.swift */; };
		CEA008AB2AC5F364005F54E5 /* CoreDataModel.xcdatamodeld in Sources */ = {isa = PBXBuildFile; fileRef = CEA008A92AC5F364005F54E5 /* CoreDataModel.xcdatamodeld */; };
		CEA008AD2AC5F373005F54E5 /* CoreDataFunctions.swift in Sources */ = {isa = PBXBuildFile; fileRef = CEA008AC2AC5F373005F54E5 /* CoreDataFunctions.swift */; };
		E8135BAF2ABA1AD400E722FA /* ApplicationSettings.swift in Sources */ = {isa = PBXBuildFile; fileRef = E8135BAE2ABA1AD400E722FA /* ApplicationSettings.swift */; };
		E8135BB42ABA1BA300E722FA /* FirstOnboardingView.swift in Sources */ = {isa = PBXBuildFile; fileRef = E8135BB32ABA1BA300E722FA /* FirstOnboardingView.swift */; };
		E8135BB62ABA1BAC00E722FA /* FirstOnboardingViewController.swift in Sources */ = {isa = PBXBuildFile; fileRef = E8135BB52ABA1BAC00E722FA /* FirstOnboardingViewController.swift */; };
		E8135BB82ABA1BDE00E722FA /* SecondOnboardingView.swift in Sources */ = {isa = PBXBuildFile; fileRef = E8135BB72ABA1BDE00E722FA /* SecondOnboardingView.swift */; };
		E8135BBA2ABA1BE700E722FA /* SecondOnboardingViewController.swift in Sources */ = {isa = PBXBuildFile; fileRef = E8135BB92ABA1BE700E722FA /* SecondOnboardingViewController.swift */; };
		E8135BBC2ABA1BF500E722FA /* ThirdOnboardingView.swift in Sources */ = {isa = PBXBuildFile; fileRef = E8135BBB2ABA1BF500E722FA /* ThirdOnboardingView.swift */; };
		E8135BBE2ABA1C0400E722FA /* ThirdOnboardingViewController.swift in Sources */ = {isa = PBXBuildFile; fileRef = E8135BBD2ABA1C0400E722FA /* ThirdOnboardingViewController.swift */; };
		E8135BC02ABA1D0000E722FA /* OnboardingViewController.swift in Sources */ = {isa = PBXBuildFile; fileRef = E8135BBF2ABA1D0000E722FA /* OnboardingViewController.swift */; };
		E8135C262ABE180300E722FA /* RegisterViewModel.swift in Sources */ = {isa = PBXBuildFile; fileRef = E8135C252ABE180300E722FA /* RegisterViewModel.swift */; };
		E81A267B2AD49BCC003A25E0 /* NextButton.swift in Sources */ = {isa = PBXBuildFile; fileRef = E81A267A2AD49BCC003A25E0 /* NextButton.swift */; };
		E81A267E2AD49BF1003A25E0 /* RoundedTextField.swift in Sources */ = {isa = PBXBuildFile; fileRef = E81A267D2AD49BF1003A25E0 /* RoundedTextField.swift */; };
		E8E0D6452AC36F05003CE5CD /* ProfileViewModel.swift in Sources */ = {isa = PBXBuildFile; fileRef = E8E0D6442AC36F05003CE5CD /* ProfileViewModel.swift */; };
		E8E0D6472AC36F1A003CE5CD /* ProfileListCell.swift in Sources */ = {isa = PBXBuildFile; fileRef = E8E0D6462AC36F1A003CE5CD /* ProfileListCell.swift */; };
		E8E0D6492AC36F37003CE5CD /* AboutView.swift in Sources */ = {isa = PBXBuildFile; fileRef = E8E0D6482AC36F37003CE5CD /* AboutView.swift */; };
		E8E0D64B2AC36F41003CE5CD /* AboutViewController.swift in Sources */ = {isa = PBXBuildFile; fileRef = E8E0D64A2AC36F41003CE5CD /* AboutViewController.swift */; };
		E8E0D64D2AC36F55003CE5CD /* PregnantDataView.swift in Sources */ = {isa = PBXBuildFile; fileRef = E8E0D64C2AC36F55003CE5CD /* PregnantDataView.swift */; };
		E8E0D6512AC36F8E003CE5CD /* ProfileViewController+UITableViewDelegate+UITableViewDatasource.swift in Sources */ = {isa = PBXBuildFile; fileRef = E8E0D6502AC36F8E003CE5CD /* ProfileViewController+UITableViewDelegate+UITableViewDatasource.swift */; };
		E8E0D65B2AC4C6F2003CE5CD /* ProfileImageButton.swift in Sources */ = {isa = PBXBuildFile; fileRef = E8E0D65A2AC4C6F2003CE5CD /* ProfileImageButton.swift */; };
		E8E0D65D2AC60C2B003CE5CD /* PregnantDataViewModel.swift in Sources */ = {isa = PBXBuildFile; fileRef = E8E0D65C2AC60C2B003CE5CD /* PregnantDataViewModel.swift */; };
		E8E0D65F2AC6116E003CE5CD /* EmergencyContact.swift in Sources */ = {isa = PBXBuildFile; fileRef = E8E0D65E2AC6116E003CE5CD /* EmergencyContact.swift */; };
/* End PBXBuildFile section */

/* Begin PBXFileReference section */
		6220F7CA2ABCD32A00CB5230 /* AppointmentsListVM.swift */ = {isa = PBXFileReference; lastKnownFileType = sourcecode.swift; path = AppointmentsListVM.swift; sourceTree = "<group>"; };
		6241A15F2AC221D800C7921B /* ModalView.swift */ = {isa = PBXFileReference; lastKnownFileType = sourcecode.swift; path = ModalView.swift; sourceTree = "<group>"; };
		6241A1632AC6212000C7921B /* HistoryViewController.swift */ = {isa = PBXFileReference; lastKnownFileType = sourcecode.swift; path = HistoryViewController.swift; sourceTree = "<group>"; };
		6241A1E02AC7434400C7921B /* SignikaNegative-Light.ttf */ = {isa = PBXFileReference; lastKnownFileType = file; path = "SignikaNegative-Light.ttf"; sourceTree = "<group>"; };
		6241A1E12AC7434500C7921B /* SignikaNegative-Semibold.ttf */ = {isa = PBXFileReference; lastKnownFileType = file; path = "SignikaNegative-Semibold.ttf"; sourceTree = "<group>"; };
		6241A1E22AC7434500C7921B /* Signika-Bold.ttf */ = {isa = PBXFileReference; lastKnownFileType = file; path = "Signika-Bold.ttf"; sourceTree = "<group>"; };
		6241A1E32AC7434500C7921B /* Signika-Regular.ttf */ = {isa = PBXFileReference; lastKnownFileType = file; path = "Signika-Regular.ttf"; sourceTree = "<group>"; };
		6241A1E42AC7434500C7921B /* Signika-Semibold.ttf */ = {isa = PBXFileReference; lastKnownFileType = file; path = "Signika-Semibold.ttf"; sourceTree = "<group>"; };
		6241A1E52AC7434500C7921B /* Signika-Light.ttf */ = {isa = PBXFileReference; lastKnownFileType = file; path = "Signika-Light.ttf"; sourceTree = "<group>"; };
		6241A1E62AC7434500C7921B /* Signika-Medium.ttf */ = {isa = PBXFileReference; lastKnownFileType = file; path = "Signika-Medium.ttf"; sourceTree = "<group>"; };
		6241A1E72AC7434500C7921B /* SignikaNegative-Bold.ttf */ = {isa = PBXFileReference; lastKnownFileType = file; path = "SignikaNegative-Bold.ttf"; sourceTree = "<group>"; };
		6241A1E82AC7434500C7921B /* SignikaNegative-Regular.ttf */ = {isa = PBXFileReference; lastKnownFileType = file; path = "SignikaNegative-Regular.ttf"; sourceTree = "<group>"; };
		6241A1E92AC7434500C7921B /* SignikaNegative-Medium.ttf */ = {isa = PBXFileReference; lastKnownFileType = file; path = "SignikaNegative-Medium.ttf"; sourceTree = "<group>"; };
		6272BFAF2AD49759008B589B /* appointmentSectionBuilder.swift */ = {isa = PBXFileReference; lastKnownFileType = sourcecode.swift; path = appointmentSectionBuilder.swift; sourceTree = "<group>"; };
		62D39EAC2ABF1CCC003CF99F /* UtrasoundExam.swift */ = {isa = PBXFileReference; lastKnownFileType = sourcecode.swift; path = UtrasoundExam.swift; sourceTree = "<group>"; };
		62FA7C392ABE17160083F6E0 /* BloodExamModel.swift */ = {isa = PBXFileReference; lastKnownFileType = sourcecode.swift; path = BloodExamModel.swift; sourceTree = "<group>"; };
		AB7852EF2AB9F95100566EF9 /* BloodView.swift */ = {isa = PBXFileReference; lastKnownFileType = sourcecode.swift; path = BloodView.swift; sourceTree = "<group>"; };
		AB7852F12AB9F97400566EF9 /* UltrasoundView.swift */ = {isa = PBXFileReference; lastKnownFileType = sourcecode.swift; path = UltrasoundView.swift; sourceTree = "<group>"; };
		AB9D94192ACB3D6B0064DB69 /* FooterCell.swift */ = {isa = PBXFileReference; lastKnownFileType = sourcecode.swift; path = FooterCell.swift; sourceTree = "<group>"; };
		AB9D941B2ACC988B0064DB69 /* HeaderCell.swift */ = {isa = PBXFileReference; lastKnownFileType = sourcecode.swift; path = HeaderCell.swift; sourceTree = "<group>"; };
		AB9D94202ACE3D0B0064DB69 /* BloodView2.swift */ = {isa = PBXFileReference; lastKnownFileType = sourcecode.swift; path = BloodView2.swift; sourceTree = "<group>"; };
		AB9D94232ACE3D5E0064DB69 /* TetanicView.swift */ = {isa = PBXFileReference; lastKnownFileType = sourcecode.swift; path = TetanicView.swift; sourceTree = "<group>"; };
		AB9D94262ACE3DD40064DB69 /* HepatitisBView.swift */ = {isa = PBXFileReference; lastKnownFileType = sourcecode.swift; path = HepatitisBView.swift; sourceTree = "<group>"; };
		AB9D94282ACE3E670064DB69 /* H1N1View.swift */ = {isa = PBXFileReference; lastKnownFileType = sourcecode.swift; path = H1N1View.swift; sourceTree = "<group>"; };
		AB9D942C2AD0609A0064DB69 /* CustomSeparatorView.swift */ = {isa = PBXFileReference; fileEncoding = 4; lastKnownFileType = sourcecode.swift; path = CustomSeparatorView.swift; sourceTree = "<group>"; };
		AB9D942E2AD068C00064DB69 /* DropDownWithLabel.swift */ = {isa = PBXFileReference; lastKnownFileType = sourcecode.swift; path = DropDownWithLabel.swift; sourceTree = "<group>"; };
		AB9D94302AD0A2670064DB69 /* PullDownComponent.swift */ = {isa = PBXFileReference; lastKnownFileType = sourcecode.swift; path = PullDownComponent.swift; sourceTree = "<group>"; };
		ABAD4F2A2ABD25C3007BEC32 /* CheckBoxComponentGreenView.swift */ = {isa = PBXFileReference; lastKnownFileType = sourcecode.swift; path = CheckBoxComponentGreenView.swift; sourceTree = "<group>"; };
		ABAD4F2D2ABDF31B007BEC32 /* CheckBoxComponentRedView.swift */ = {isa = PBXFileReference; lastKnownFileType = sourcecode.swift; path = CheckBoxComponentRedView.swift; sourceTree = "<group>"; };
		ABAD4F402ABE1C99007BEC32 /* LabelComponentView.swift */ = {isa = PBXFileReference; lastKnownFileType = sourcecode.swift; path = LabelComponentView.swift; sourceTree = "<group>"; };
		ABAD4F442ABE22C1007BEC32 /* LabelComponentModel.swift */ = {isa = PBXFileReference; lastKnownFileType = sourcecode.swift; path = LabelComponentModel.swift; sourceTree = "<group>"; };
		ABAD4F462ABE2B1A007BEC32 /* AppointmentsVM.swift */ = {isa = PBXFileReference; lastKnownFileType = sourcecode.swift; path = AppointmentsVM.swift; sourceTree = "<group>"; };
		ABAD4F4A2AC1A4AB007BEC32 /* PickerComponent.swift */ = {isa = PBXFileReference; lastKnownFileType = sourcecode.swift; path = PickerComponent.swift; sourceTree = "<group>"; };
		ABAD4F4C2AC21514007BEC32 /* DropDownMenuComponent.swift */ = {isa = PBXFileReference; lastKnownFileType = sourcecode.swift; path = DropDownMenuComponent.swift; sourceTree = "<group>"; };
		ABAD4F532AC45DDE007BEC32 /* DropDownComponentView.swift */ = {isa = PBXFileReference; lastKnownFileType = sourcecode.swift; path = DropDownComponentView.swift; sourceTree = "<group>"; };
		ABB82F122AC5FCF8008B73AF /* HistoryView.swift */ = {isa = PBXFileReference; lastKnownFileType = sourcecode.swift; path = HistoryView.swift; sourceTree = "<group>"; };
		ABB82F152AC60931008B73AF /* RoutineDataView.swift */ = {isa = PBXFileReference; lastKnownFileType = sourcecode.swift; path = RoutineDataView.swift; sourceTree = "<group>"; };
		ABC98B7B2AB3D9C5005214E5 /* Mini02.app */ = {isa = PBXFileReference; explicitFileType = wrapper.application; includeInIndex = 0; path = Mini02.app; sourceTree = BUILT_PRODUCTS_DIR; };
		ABC98B7E2AB3D9C5005214E5 /* AppDelegate.swift */ = {isa = PBXFileReference; lastKnownFileType = sourcecode.swift; path = AppDelegate.swift; sourceTree = "<group>"; };
		ABC98B802AB3D9C5005214E5 /* SceneDelegate.swift */ = {isa = PBXFileReference; lastKnownFileType = sourcecode.swift; path = SceneDelegate.swift; sourceTree = "<group>"; };
		ABC98B872AB3D9C6005214E5 /* Assets.xcassets */ = {isa = PBXFileReference; lastKnownFileType = folder.assetcatalog; path = Assets.xcassets; sourceTree = "<group>"; };
		ABC98B8A2AB3D9C6005214E5 /* Base */ = {isa = PBXFileReference; lastKnownFileType = file.storyboard; name = Base; path = Base.lproj/LaunchScreen.storyboard; sourceTree = "<group>"; };
		ABC98B8C2AB3D9C6005214E5 /* Info.plist */ = {isa = PBXFileReference; lastKnownFileType = text.plist.xml; path = Info.plist; sourceTree = "<group>"; };
		ABC98B932AB3DC9C005214E5 /* TabBarViewController.swift */ = {isa = PBXFileReference; lastKnownFileType = sourcecode.swift; path = TabBarViewController.swift; sourceTree = "<group>"; };
		ABC98B992AB3E458005214E5 /* TabBarView.swift */ = {isa = PBXFileReference; lastKnownFileType = sourcecode.swift; path = TabBarView.swift; sourceTree = "<group>"; };
		ABC98B9B2AB3E677005214E5 /* AppointmentsViewController.swift */ = {isa = PBXFileReference; lastKnownFileType = sourcecode.swift; path = AppointmentsViewController.swift; sourceTree = "<group>"; };
		ABC98B9D2AB3F0B2005214E5 /* RecurrentDataViewController.swift */ = {isa = PBXFileReference; lastKnownFileType = sourcecode.swift; path = RecurrentDataViewController.swift; sourceTree = "<group>"; };
		ABC98BA12AB3F53D005214E5 /* AppointmentsView.swift */ = {isa = PBXFileReference; lastKnownFileType = sourcecode.swift; path = AppointmentsView.swift; sourceTree = "<group>"; };
		ABC98BA72AB3F5E0005214E5 /* RecurrentDataView.swift */ = {isa = PBXFileReference; lastKnownFileType = sourcecode.swift; path = RecurrentDataView.swift; sourceTree = "<group>"; };
		ABC98BAC2AB3F61C005214E5 /* ProfileView.swift */ = {isa = PBXFileReference; lastKnownFileType = sourcecode.swift; path = ProfileView.swift; sourceTree = "<group>"; };
		ABC98BAE2AB3F630005214E5 /* ProfileViewController.swift */ = {isa = PBXFileReference; lastKnownFileType = sourcecode.swift; path = ProfileViewController.swift; sourceTree = "<group>"; };
		ABC98BB32AB3FCAA005214E5 /* MaternityCardViewController.swift */ = {isa = PBXFileReference; lastKnownFileType = sourcecode.swift; path = MaternityCardViewController.swift; sourceTree = "<group>"; };
		ABC98BB52AB3FCC2005214E5 /* MaternityCardCell.swift */ = {isa = PBXFileReference; lastKnownFileType = sourcecode.swift; path = MaternityCardCell.swift; sourceTree = "<group>"; };
		ABC98BBE2AB83BD6005214E5 /* Constrains.swift */ = {isa = PBXFileReference; lastKnownFileType = sourcecode.swift; path = Constrains.swift; sourceTree = "<group>"; };
		ABC98BC02AB83C8D005214E5 /* TextField.swift */ = {isa = PBXFileReference; lastKnownFileType = sourcecode.swift; path = TextField.swift; sourceTree = "<group>"; };
		ABC98BC32AB83EED005214E5 /* RegisterView.swift */ = {isa = PBXFileReference; lastKnownFileType = sourcecode.swift; path = RegisterView.swift; sourceTree = "<group>"; };
		ABC98BC52AB83FD0005214E5 /* RegisterViewController.swift */ = {isa = PBXFileReference; lastKnownFileType = sourcecode.swift; path = RegisterViewController.swift; sourceTree = "<group>"; };
		ABD5E3F02AC4B20200855964 /* Mini02.entitlements */ = {isa = PBXFileReference; lastKnownFileType = text.plist.entitlements; path = Mini02.entitlements; sourceTree = "<group>"; };
		ABFA04E42ABC9A5200D31DEA /* MaternityCardViewModel.swift */ = {isa = PBXFileReference; lastKnownFileType = sourcecode.swift; path = MaternityCardViewModel.swift; sourceTree = "<group>"; };
		ABFA04E62ABCBE0000D31DEA /* MaternityCardModel.swift */ = {isa = PBXFileReference; lastKnownFileType = sourcecode.swift; path = MaternityCardModel.swift; sourceTree = "<group>"; };
		ABFA04E92ABCCF7500D31DEA /* AppointmentListCell.swift */ = {isa = PBXFileReference; lastKnownFileType = sourcecode.swift; path = AppointmentListCell.swift; sourceTree = "<group>"; };
		ABFA04EA2ABCCF7500D31DEA /* ListViewController.swift */ = {isa = PBXFileReference; lastKnownFileType = sourcecode.swift; path = ListViewController.swift; sourceTree = "<group>"; };
		ABFA04EB2ABCCF7500D31DEA /* ListView.swift */ = {isa = PBXFileReference; lastKnownFileType = sourcecode.swift; path = ListView.swift; sourceTree = "<group>"; };
		ABFA04EC2ABCCF7500D31DEA /* AppointementsTableController.swift */ = {isa = PBXFileReference; lastKnownFileType = sourcecode.swift; path = AppointementsTableController.swift; sourceTree = "<group>"; };
		ABFDA7722AC60B460097656E /* PregnancyRiskView.swift */ = {isa = PBXFileReference; lastKnownFileType = sourcecode.swift; path = PregnancyRiskView.swift; sourceTree = "<group>"; };
		ABFDA7742AC646470097656E /* PlannedView.swift */ = {isa = PBXFileReference; lastKnownFileType = sourcecode.swift; path = PlannedView.swift; sourceTree = "<group>"; };
		ABFDA7762AC656030097656E /* PregnancyTypeView.swift */ = {isa = PBXFileReference; lastKnownFileType = sourcecode.swift; path = PregnancyTypeView.swift; sourceTree = "<group>"; };
		ABFDA7782AC65A600097656E /* StackViews.swift */ = {isa = PBXFileReference; lastKnownFileType = sourcecode.swift; path = StackViews.swift; sourceTree = "<group>"; };
		ABFDA77A2AC6769B0097656E /* FamilyAntecedentView.swift */ = {isa = PBXFileReference; lastKnownFileType = sourcecode.swift; path = FamilyAntecedentView.swift; sourceTree = "<group>"; };
		ABFDA77C2AC67BBA0097656E /* CurrentGestationView.swift */ = {isa = PBXFileReference; lastKnownFileType = sourcecode.swift; path = CurrentGestationView.swift; sourceTree = "<group>"; };
		ABFDA77E2AC67BE10097656E /* ClinicAntecedentsView.swift */ = {isa = PBXFileReference; lastKnownFileType = sourcecode.swift; path = ClinicAntecedentsView.swift; sourceTree = "<group>"; };
		CE0BFA672AC7464C0053C2A6 /* RecurrenteDataViewModel.swift */ = {isa = PBXFileReference; lastKnownFileType = sourcecode.swift; path = RecurrenteDataViewModel.swift; sourceTree = "<group>"; };
		CE60D04F2ACDAAB900937768 /* Vaccines.swift */ = {isa = PBXFileReference; fileEncoding = 4; lastKnownFileType = sourcecode.swift; path = Vaccines.swift; sourceTree = "<group>"; };
		CE60D05B2ACDD6FC00937768 /* Consulta.swift */ = {isa = PBXFileReference; lastKnownFileType = sourcecode.swift; path = Consulta.swift; sourceTree = "<group>"; };
		CE60D06D2ACDF6E000937768 /* Pacient+CoreDataClass.swift */ = {isa = PBXFileReference; lastKnownFileType = sourcecode.swift; name = "Pacient+CoreDataClass.swift"; path = "../../../Pacient+CoreDataClass.swift"; sourceTree = "<group>"; };
		CE60D06E2ACDF6E000937768 /* Pacient+CoreDataProperties.swift */ = {isa = PBXFileReference; lastKnownFileType = sourcecode.swift; name = "Pacient+CoreDataProperties.swift"; path = "../../../Pacient+CoreDataProperties.swift"; sourceTree = "<group>"; };
		CE8EE3452AC5F665000E89E1 /* PersonalBGModel.swift */ = {isa = PBXFileReference; fileEncoding = 4; lastKnownFileType = sourcecode.swift; path = PersonalBGModel.swift; sourceTree = "<group>"; };
		CE8EE3472AC5F690000E89E1 /* FamilyBGModel.swift */ = {isa = PBXFileReference; fileEncoding = 4; lastKnownFileType = sourcecode.swift; path = FamilyBGModel.swift; sourceTree = "<group>"; };
		CE8EE34A2AC5F7F1000E89E1 /* PacientModel.swift */ = {isa = PBXFileReference; fileEncoding = 4; lastKnownFileType = sourcecode.swift; path = PacientModel.swift; sourceTree = "<group>"; };
		CE9F790A2AC4A27A0081AB5A /* PregnantDataViewController.swift */ = {isa = PBXFileReference; fileEncoding = 4; lastKnownFileType = sourcecode.swift; path = PregnantDataViewController.swift; sourceTree = "<group>"; };
		CE9F790C2AC4A2830081AB5A /* RoundedCorners.swift */ = {isa = PBXFileReference; fileEncoding = 4; lastKnownFileType = sourcecode.swift; path = RoundedCorners.swift; sourceTree = "<group>"; };
		CEA008AA2AC5F364005F54E5 /* CoreDataModel.xcdatamodel */ = {isa = PBXFileReference; lastKnownFileType = wrapper.xcdatamodel; path = CoreDataModel.xcdatamodel; sourceTree = "<group>"; };
		CEA008AC2AC5F373005F54E5 /* CoreDataFunctions.swift */ = {isa = PBXFileReference; fileEncoding = 4; lastKnownFileType = sourcecode.swift; path = CoreDataFunctions.swift; sourceTree = "<group>"; };
		E8135BAE2ABA1AD400E722FA /* ApplicationSettings.swift */ = {isa = PBXFileReference; lastKnownFileType = sourcecode.swift; path = ApplicationSettings.swift; sourceTree = "<group>"; };
		E8135BB32ABA1BA300E722FA /* FirstOnboardingView.swift */ = {isa = PBXFileReference; lastKnownFileType = sourcecode.swift; path = FirstOnboardingView.swift; sourceTree = "<group>"; };
		E8135BB52ABA1BAC00E722FA /* FirstOnboardingViewController.swift */ = {isa = PBXFileReference; lastKnownFileType = sourcecode.swift; path = FirstOnboardingViewController.swift; sourceTree = "<group>"; };
		E8135BB72ABA1BDE00E722FA /* SecondOnboardingView.swift */ = {isa = PBXFileReference; lastKnownFileType = sourcecode.swift; path = SecondOnboardingView.swift; sourceTree = "<group>"; };
		E8135BB92ABA1BE700E722FA /* SecondOnboardingViewController.swift */ = {isa = PBXFileReference; lastKnownFileType = sourcecode.swift; path = SecondOnboardingViewController.swift; sourceTree = "<group>"; };
		E8135BBB2ABA1BF500E722FA /* ThirdOnboardingView.swift */ = {isa = PBXFileReference; lastKnownFileType = sourcecode.swift; path = ThirdOnboardingView.swift; sourceTree = "<group>"; };
		E8135BBD2ABA1C0400E722FA /* ThirdOnboardingViewController.swift */ = {isa = PBXFileReference; lastKnownFileType = sourcecode.swift; path = ThirdOnboardingViewController.swift; sourceTree = "<group>"; };
		E8135BBF2ABA1D0000E722FA /* OnboardingViewController.swift */ = {isa = PBXFileReference; lastKnownFileType = sourcecode.swift; path = OnboardingViewController.swift; sourceTree = "<group>"; };
		E8135C252ABE180300E722FA /* RegisterViewModel.swift */ = {isa = PBXFileReference; lastKnownFileType = sourcecode.swift; path = RegisterViewModel.swift; sourceTree = "<group>"; };
		E81A267A2AD49BCC003A25E0 /* NextButton.swift */ = {isa = PBXFileReference; lastKnownFileType = sourcecode.swift; path = NextButton.swift; sourceTree = "<group>"; };
		E81A267D2AD49BF1003A25E0 /* RoundedTextField.swift */ = {isa = PBXFileReference; lastKnownFileType = sourcecode.swift; path = RoundedTextField.swift; sourceTree = "<group>"; };
		E8E0D6442AC36F05003CE5CD /* ProfileViewModel.swift */ = {isa = PBXFileReference; lastKnownFileType = sourcecode.swift; path = ProfileViewModel.swift; sourceTree = "<group>"; };
		E8E0D6462AC36F1A003CE5CD /* ProfileListCell.swift */ = {isa = PBXFileReference; lastKnownFileType = sourcecode.swift; path = ProfileListCell.swift; sourceTree = "<group>"; };
		E8E0D6482AC36F37003CE5CD /* AboutView.swift */ = {isa = PBXFileReference; lastKnownFileType = sourcecode.swift; path = AboutView.swift; sourceTree = "<group>"; };
		E8E0D64A2AC36F41003CE5CD /* AboutViewController.swift */ = {isa = PBXFileReference; lastKnownFileType = sourcecode.swift; path = AboutViewController.swift; sourceTree = "<group>"; };
		E8E0D64C2AC36F55003CE5CD /* PregnantDataView.swift */ = {isa = PBXFileReference; lastKnownFileType = sourcecode.swift; path = PregnantDataView.swift; sourceTree = "<group>"; };
		E8E0D6502AC36F8E003CE5CD /* ProfileViewController+UITableViewDelegate+UITableViewDatasource.swift */ = {isa = PBXFileReference; lastKnownFileType = sourcecode.swift; path = "ProfileViewController+UITableViewDelegate+UITableViewDatasource.swift"; sourceTree = "<group>"; };
		E8E0D65A2AC4C6F2003CE5CD /* ProfileImageButton.swift */ = {isa = PBXFileReference; lastKnownFileType = sourcecode.swift; path = ProfileImageButton.swift; sourceTree = "<group>"; };
		E8E0D65C2AC60C2B003CE5CD /* PregnantDataViewModel.swift */ = {isa = PBXFileReference; lastKnownFileType = sourcecode.swift; path = PregnantDataViewModel.swift; sourceTree = "<group>"; };
		E8E0D65E2AC6116E003CE5CD /* EmergencyContact.swift */ = {isa = PBXFileReference; lastKnownFileType = sourcecode.swift; path = EmergencyContact.swift; sourceTree = "<group>"; };
/* End PBXFileReference section */

/* Begin PBXFrameworksBuildPhase section */
		ABC98B782AB3D9C5005214E5 /* Frameworks */ = {
			isa = PBXFrameworksBuildPhase;
			buildActionMask = 2147483647;
			files = (
			);
			runOnlyForDeploymentPostprocessing = 0;
		};
/* End PBXFrameworksBuildPhase section */

/* Begin PBXGroup section */
		62C9AEB82ABE11B100008825 /* DataModels */ = {
			isa = PBXGroup;
			children = (
				CE60D04F2ACDAAB900937768 /* Vaccines.swift */,
				CE8EE3452AC5F665000E89E1 /* PersonalBGModel.swift */,
				CE8EE34A2AC5F7F1000E89E1 /* PacientModel.swift */,
				CE8EE3472AC5F690000E89E1 /* FamilyBGModel.swift */,
				62FA7C392ABE17160083F6E0 /* BloodExamModel.swift */,
				62D39EAC2ABF1CCC003CF99F /* UtrasoundExam.swift */,
				E8E0D65E2AC6116E003CE5CD /* EmergencyContact.swift */,
				CE60D05B2ACDD6FC00937768 /* Consulta.swift */,
			);
			path = DataModels;
			sourceTree = "<group>";
		};
		AB7852EC2AB9F92A00566EF9 /* ComponetViews */ = {
			isa = PBXGroup;
			children = (
				ABFA04DC2ABB7FEA00D31DEA /* routine appointment */,
				ABFA04DD2ABB800000D31DEA /* Blood */,
				AB9D94222ACE3D1E0064DB69 /* Vaccine */,
				ABFA04DE2ABB801400D31DEA /* Ultrasound */,
			);
			path = ComponetViews;
			sourceTree = "<group>";
		};
		AB9D94222ACE3D1E0064DB69 /* Vaccine */ = {
			isa = PBXGroup;
			children = (
				AB9D94232ACE3D5E0064DB69 /* TetanicView.swift */,
				AB9D94262ACE3DD40064DB69 /* HepatitisBView.swift */,
				AB9D94282ACE3E670064DB69 /* H1N1View.swift */,
			);
			path = Vaccine;
			sourceTree = "<group>";
		};
		ABAD4F2C2ABD25E8007BEC32 /* ReusableUIComponents */ = {
			isa = PBXGroup;
			children = (
				E81A267C2AD49BE3003A25E0 /* RoundedTextField */,
				E81A26792AD49BBF003A25E0 /* NextButton */,
				AB9D942C2AD0609A0064DB69 /* CustomSeparatorView.swift */,
				ABC98BBD2AB83B8C005214E5 /* Utility */,
				E8E0D6592AC4C6E3003CE5CD /* ProfileImage */,
				ABAD4F422ABE2275007BEC32 /* CheckBox */,
				ABAD4F432ABE2299007BEC32 /* Label */,
				ABAD4F4A2AC1A4AB007BEC32 /* PickerComponent.swift */,
				ABAD4F4E2AC21922007BEC32 /* DropDown */,
				6272BFAF2AD49759008B589B /* appointmentSectionBuilder.swift */,
				AB9D94302AD0A2670064DB69 /* PullDownComponent.swift */,
			);
			path = ReusableUIComponents;
			sourceTree = "<group>";
		};
		ABAD4F422ABE2275007BEC32 /* CheckBox */ = {
			isa = PBXGroup;
			children = (
				ABAD4F2A2ABD25C3007BEC32 /* CheckBoxComponentGreenView.swift */,
				ABAD4F2D2ABDF31B007BEC32 /* CheckBoxComponentRedView.swift */,
			);
			path = CheckBox;
			sourceTree = "<group>";
		};
		ABAD4F432ABE2299007BEC32 /* Label */ = {
			isa = PBXGroup;
			children = (
				ABAD4F442ABE22C1007BEC32 /* LabelComponentModel.swift */,
				ABAD4F402ABE1C99007BEC32 /* LabelComponentView.swift */,
			);
			path = Label;
			sourceTree = "<group>";
		};
		ABAD4F4E2AC21922007BEC32 /* DropDown */ = {
			isa = PBXGroup;
			children = (
				ABAD4F532AC45DDE007BEC32 /* DropDownComponentView.swift */,
				ABAD4F4C2AC21514007BEC32 /* DropDownMenuComponent.swift */,
			);
			path = DropDown;
			sourceTree = "<group>";
		};
		ABB82F102AC5FB96008B73AF /* Histórico  */ = {
			isa = PBXGroup;
			children = (
				ABB82F122AC5FCF8008B73AF /* HistoryView.swift */,
				6241A1632AC6212000C7921B /* HistoryViewController.swift */,
			);
			name = "Histórico ";
			path = "Histórico ";
			sourceTree = "<group>";
		};
		ABC98B722AB3D9C5005214E5 = {
			isa = PBXGroup;
			children = (
				ABC98B7D2AB3D9C5005214E5 /* Mini02 */,
				ABC98B7C2AB3D9C5005214E5 /* Products */,
			);
			sourceTree = "<group>";
		};
		ABC98B7C2AB3D9C5005214E5 /* Products */ = {
			isa = PBXGroup;
			children = (
				ABC98B7B2AB3D9C5005214E5 /* Mini02.app */,
			);
			name = Products;
			sourceTree = "<group>";
		};
		ABC98B7D2AB3D9C5005214E5 /* Mini02 */ = {
			isa = PBXGroup;
			children = (
				ABD5E3F02AC4B20200855964 /* Mini02.entitlements */,
				CEA008B22AC5F3BD005F54E5 /* CoreData */,
				62C9AEB82ABE11B100008825 /* DataModels */,
				ABC98BC22AB83EC8005214E5 /* Onboard */,
				ABC98B962AB3E36E005214E5 /* TabBar */,
				ABC98B9F2AB3F32E005214E5 /* Appointments */,
				ABAD4F2C2ABD25E8007BEC32 /* ReusableUIComponents */,
				ABC98BA02AB3F338005214E5 /* RecurrentData */,
				ABC98BA92AB3F5F8005214E5 /* Profile */,
				ABC98B952AB3E209005214E5 /* Delegate */,
				ABC98B922AB3DC29005214E5 /* App */,
				ABC98B8C2AB3D9C6005214E5 /* Info.plist */,
			);
			path = Mini02;
			sourceTree = "<group>";
		};
		ABC98B922AB3DC29005214E5 /* App */ = {
			isa = PBXGroup;
			children = (
				ABC98B892AB3D9C6005214E5 /* LaunchScreen.storyboard */,
				ABC98B872AB3D9C6005214E5 /* Assets.xcassets */,
			);
			path = App;
			sourceTree = "<group>";
		};
		ABC98B952AB3E209005214E5 /* Delegate */ = {
			isa = PBXGroup;
			children = (
				ABC98B802AB3D9C5005214E5 /* SceneDelegate.swift */,
				ABC98B7E2AB3D9C5005214E5 /* AppDelegate.swift */,
			);
			path = Delegate;
			sourceTree = "<group>";
		};
		ABC98B962AB3E36E005214E5 /* TabBar */ = {
			isa = PBXGroup;
			children = (
				ABC98B992AB3E458005214E5 /* TabBarView.swift */,
				ABC98B932AB3DC9C005214E5 /* TabBarViewController.swift */,
			);
			path = TabBar;
			sourceTree = "<group>";
		};
		ABC98B9F2AB3F32E005214E5 /* Appointments */ = {
			isa = PBXGroup;
			children = (
				ABC98BA12AB3F53D005214E5 /* AppointmentsView.swift */,
				ABAD4F462ABE2B1A007BEC32 /* AppointmentsVM.swift */,
				ABC98B9B2AB3E677005214E5 /* AppointmentsViewController.swift */,
				ABFA04F12ABCD03B00D31DEA /* AppointmentList */,
				ABC98BB22AB3FC46005214E5 /* MaternityCard */,
			);
			path = Appointments;
			sourceTree = "<group>";
		};
		ABC98BA02AB3F338005214E5 /* RecurrentData */ = {
			isa = PBXGroup;
			children = (
				ABC98BA72AB3F5E0005214E5 /* RecurrentDataView.swift */,
				ABC98B9D2AB3F0B2005214E5 /* RecurrentDataViewController.swift */,
				CE0BFA672AC7464C0053C2A6 /* RecurrenteDataViewModel.swift */,
			);
			path = RecurrentData;
			sourceTree = "<group>";
		};
		ABC98BA92AB3F5F8005214E5 /* Profile */ = {
			isa = PBXGroup;
			children = (
				E8E0D6412AC36ED2003CE5CD /* Extension */,
				E8E0D6432AC36EE2003CE5CD /* PregnantData */,
				E8E0D6422AC36EDC003CE5CD /* About */,
				ABC98BAC2AB3F61C005214E5 /* ProfileView.swift */,
				E8E0D6462AC36F1A003CE5CD /* ProfileListCell.swift */,
				ABC98BAE2AB3F630005214E5 /* ProfileViewController.swift */,
				E8E0D6442AC36F05003CE5CD /* ProfileViewModel.swift */,
			);
			path = Profile;
			sourceTree = "<group>";
		};
		ABC98BB22AB3FC46005214E5 /* MaternityCard */ = {
			isa = PBXGroup;
			children = (
				ABFA04E62ABCBE0000D31DEA /* MaternityCardModel.swift */,
				ABFA04E42ABC9A5200D31DEA /* MaternityCardViewModel.swift */,
				ABC98BB52AB3FCC2005214E5 /* MaternityCardCell.swift */,
				6241A15F2AC221D800C7921B /* ModalView.swift */,
				ABC98BB32AB3FCAA005214E5 /* MaternityCardViewController.swift */,
				ABFDA7802AC7437C0097656E /* Fonts */,
				AB7852EC2AB9F92A00566EF9 /* ComponetViews */,
			);
			path = MaternityCard;
			sourceTree = "<group>";
		};
		ABC98BBD2AB83B8C005214E5 /* Utility */ = {
			isa = PBXGroup;
			children = (
				CE9F790C2AC4A2830081AB5A /* RoundedCorners.swift */,
				ABC98BBE2AB83BD6005214E5 /* Constrains.swift */,
				ABC98BC02AB83C8D005214E5 /* TextField.swift */,
				E8135BAE2ABA1AD400E722FA /* ApplicationSettings.swift */,
				ABFDA7782AC65A600097656E /* StackViews.swift */,
				AB9D942E2AD068C00064DB69 /* DropDownWithLabel.swift */,
			);
			path = Utility;
			sourceTree = "<group>";
		};
		ABC98BC22AB83EC8005214E5 /* Onboard */ = {
			isa = PBXGroup;
			children = (
				ABFA04F22ABCD07B00D31DEA /* FirstOnboarding */,
				ABFA04F42ABCD0A900D31DEA /* SecondOnboarding */,
				ABFA04F52ABCD0C900D31DEA /* ThirdOnboarding */,
				ABFA04F32ABCD09800D31DEA /* Register */,
				E8135BBF2ABA1D0000E722FA /* OnboardingViewController.swift */,
			);
			path = Onboard;
			sourceTree = "<group>";
		};
		ABFA04DC2ABB7FEA00D31DEA /* routine appointment */ = {
			isa = PBXGroup;
			children = (
				AB9D941B2ACC988B0064DB69 /* HeaderCell.swift */,
				ABB82F152AC60931008B73AF /* RoutineDataView.swift */,
				ABFDA77A2AC6769B0097656E /* FamilyAntecedentView.swift */,
				ABFDA7762AC656030097656E /* PregnancyTypeView.swift */,
				ABFDA7722AC60B460097656E /* PregnancyRiskView.swift */,
				ABFDA7742AC646470097656E /* PlannedView.swift */,
				ABFDA77C2AC67BBA0097656E /* CurrentGestationView.swift */,
				ABFDA77E2AC67BE10097656E /* ClinicAntecedentsView.swift */,
				AB9D94192ACB3D6B0064DB69 /* FooterCell.swift */,
			);
			path = "routine appointment";
			sourceTree = "<group>";
		};
		ABFA04DD2ABB800000D31DEA /* Blood */ = {
			isa = PBXGroup;
			children = (
				AB7852EF2AB9F95100566EF9 /* BloodView.swift */,
				AB9D94202ACE3D0B0064DB69 /* BloodView2.swift */,
			);
			path = Blood;
			sourceTree = "<group>";
		};
		ABFA04DE2ABB801400D31DEA /* Ultrasound */ = {
			isa = PBXGroup;
			children = (
				AB7852F12AB9F97400566EF9 /* UltrasoundView.swift */,
			);
			path = Ultrasound;
			sourceTree = "<group>";
		};
		ABFA04F12ABCD03B00D31DEA /* AppointmentList */ = {
			isa = PBXGroup;
			children = (
				ABFA04EB2ABCCF7500D31DEA /* ListView.swift */,
				6220F7CA2ABCD32A00CB5230 /* AppointmentsListVM.swift */,
				ABFA04E92ABCCF7500D31DEA /* AppointmentListCell.swift */,
				ABFA04EC2ABCCF7500D31DEA /* AppointementsTableController.swift */,
				ABFA04EA2ABCCF7500D31DEA /* ListViewController.swift */,
				ABB82F102AC5FB96008B73AF /* Histórico  */,
			);
			path = AppointmentList;
			sourceTree = "<group>";
		};
		ABFA04F22ABCD07B00D31DEA /* FirstOnboarding */ = {
			isa = PBXGroup;
			children = (
				E8135BB32ABA1BA300E722FA /* FirstOnboardingView.swift */,
				E8135BB52ABA1BAC00E722FA /* FirstOnboardingViewController.swift */,
			);
			path = FirstOnboarding;
			sourceTree = "<group>";
		};
		ABFA04F32ABCD09800D31DEA /* Register */ = {
			isa = PBXGroup;
			children = (
				ABC98BC52AB83FD0005214E5 /* RegisterViewController.swift */,
				ABC98BC32AB83EED005214E5 /* RegisterView.swift */,
				E8135C252ABE180300E722FA /* RegisterViewModel.swift */,
			);
			path = Register;
			sourceTree = "<group>";
		};
		ABFA04F42ABCD0A900D31DEA /* SecondOnboarding */ = {
			isa = PBXGroup;
			children = (
				E8135BB72ABA1BDE00E722FA /* SecondOnboardingView.swift */,
				E8135BB92ABA1BE700E722FA /* SecondOnboardingViewController.swift */,
			);
			path = SecondOnboarding;
			sourceTree = "<group>";
		};
		ABFA04F52ABCD0C900D31DEA /* ThirdOnboarding */ = {
			isa = PBXGroup;
			children = (
				E8135BBB2ABA1BF500E722FA /* ThirdOnboardingView.swift */,
				E8135BBD2ABA1C0400E722FA /* ThirdOnboardingViewController.swift */,
			);
			path = ThirdOnboarding;
			sourceTree = "<group>";
		};
		ABFDA7802AC7437C0097656E /* Fonts */ = {
			isa = PBXGroup;
			children = (
				6241A1E22AC7434500C7921B /* Signika-Bold.ttf */,
				6241A1E52AC7434500C7921B /* Signika-Light.ttf */,
				6241A1E62AC7434500C7921B /* Signika-Medium.ttf */,
				6241A1E32AC7434500C7921B /* Signika-Regular.ttf */,
				6241A1E42AC7434500C7921B /* Signika-Semibold.ttf */,
				6241A1E72AC7434500C7921B /* SignikaNegative-Bold.ttf */,
				6241A1E02AC7434400C7921B /* SignikaNegative-Light.ttf */,
				6241A1E92AC7434500C7921B /* SignikaNegative-Medium.ttf */,
				6241A1E82AC7434500C7921B /* SignikaNegative-Regular.ttf */,
				6241A1E12AC7434500C7921B /* SignikaNegative-Semibold.ttf */,
			);
			path = Fonts;
			sourceTree = "<group>";
		};
		CE8EE3492AC5F704000E89E1 /* PacientFilesCoreData */ = {
			isa = PBXGroup;
			children = (
				CE60D06D2ACDF6E000937768 /* Pacient+CoreDataClass.swift */,
				CE60D06E2ACDF6E000937768 /* Pacient+CoreDataProperties.swift */,
			);
			path = PacientFilesCoreData;
			sourceTree = "<group>";
		};
		CEA008B22AC5F3BD005F54E5 /* CoreData */ = {
			isa = PBXGroup;
			children = (
				CE8EE3492AC5F704000E89E1 /* PacientFilesCoreData */,
				CEA008AC2AC5F373005F54E5 /* CoreDataFunctions.swift */,
				CEA008A92AC5F364005F54E5 /* CoreDataModel.xcdatamodeld */,
			);
			path = CoreData;
			sourceTree = "<group>";
		};
		E81A26792AD49BBF003A25E0 /* NextButton */ = {
			isa = PBXGroup;
			children = (
				E81A267A2AD49BCC003A25E0 /* NextButton.swift */,
			);
			path = NextButton;
			sourceTree = "<group>";
		};
		E81A267C2AD49BE3003A25E0 /* RoundedTextField */ = {
			isa = PBXGroup;
			children = (
				E81A267D2AD49BF1003A25E0 /* RoundedTextField.swift */,
			);
			path = RoundedTextField;
			sourceTree = "<group>";
		};
		E8E0D6412AC36ED2003CE5CD /* Extension */ = {
			isa = PBXGroup;
			children = (
				E8E0D6502AC36F8E003CE5CD /* ProfileViewController+UITableViewDelegate+UITableViewDatasource.swift */,
			);
			path = Extension;
			sourceTree = "<group>";
		};
		E8E0D6422AC36EDC003CE5CD /* About */ = {
			isa = PBXGroup;
			children = (
				E8E0D6482AC36F37003CE5CD /* AboutView.swift */,
				E8E0D64A2AC36F41003CE5CD /* AboutViewController.swift */,
			);
			path = About;
			sourceTree = "<group>";
		};
		E8E0D6432AC36EE2003CE5CD /* PregnantData */ = {
			isa = PBXGroup;
			children = (
				E8E0D64C2AC36F55003CE5CD /* PregnantDataView.swift */,
				CE9F790A2AC4A27A0081AB5A /* PregnantDataViewController.swift */,
				E8E0D65C2AC60C2B003CE5CD /* PregnantDataViewModel.swift */,
			);
			path = PregnantData;
			sourceTree = "<group>";
		};
		E8E0D6592AC4C6E3003CE5CD /* ProfileImage */ = {
			isa = PBXGroup;
			children = (
				E8E0D65A2AC4C6F2003CE5CD /* ProfileImageButton.swift */,
			);
			path = ProfileImage;
			sourceTree = "<group>";
		};
/* End PBXGroup section */

/* Begin PBXNativeTarget section */
		ABC98B7A2AB3D9C5005214E5 /* Mini02 */ = {
			isa = PBXNativeTarget;
			buildConfigurationList = ABC98B8F2AB3D9C6005214E5 /* Build configuration list for PBXNativeTarget "Mini02" */;
			buildPhases = (
				ABC98B772AB3D9C5005214E5 /* Sources */,
				ABC98B782AB3D9C5005214E5 /* Frameworks */,
				ABC98B792AB3D9C5005214E5 /* Resources */,
			);
			buildRules = (
			);
			dependencies = (
			);
			name = Mini02;
			productName = Mini02;
			productReference = ABC98B7B2AB3D9C5005214E5 /* Mini02.app */;
			productType = "com.apple.product-type.application";
		};
/* End PBXNativeTarget section */

/* Begin PBXProject section */
		ABC98B732AB3D9C5005214E5 /* Project object */ = {
			isa = PBXProject;
			attributes = {
				BuildIndependentTargetsInParallel = 1;
				LastSwiftUpdateCheck = 1430;
				LastUpgradeCheck = 1500;
				TargetAttributes = {
					ABC98B7A2AB3D9C5005214E5 = {
						CreatedOnToolsVersion = 14.3.1;
					};
				};
			};
			buildConfigurationList = ABC98B762AB3D9C5005214E5 /* Build configuration list for PBXProject "Mini02" */;
			compatibilityVersion = "Xcode 14.0";
			developmentRegion = en;
			hasScannedForEncodings = 0;
			knownRegions = (
				en,
				Base,
			);
			mainGroup = ABC98B722AB3D9C5005214E5;
			productRefGroup = ABC98B7C2AB3D9C5005214E5 /* Products */;
			projectDirPath = "";
			projectRoot = "";
			targets = (
				ABC98B7A2AB3D9C5005214E5 /* Mini02 */,
			);
		};
/* End PBXProject section */

/* Begin PBXResourcesBuildPhase section */
		ABC98B792AB3D9C5005214E5 /* Resources */ = {
			isa = PBXResourcesBuildPhase;
			buildActionMask = 2147483647;
			files = (
				ABC98B8B2AB3D9C6005214E5 /* LaunchScreen.storyboard in Resources */,
				ABC98B882AB3D9C6005214E5 /* Assets.xcassets in Resources */,
				6241A1FB2AC7440E00C7921B /* SignikaNegative-Regular.ttf in Resources */,
				6241A1F62AC7440E00C7921B /* Signika-Semibold.ttf in Resources */,
				6241A1FA2AC7440E00C7921B /* SignikaNegative-Bold.ttf in Resources */,
				6241A1F52AC7440E00C7921B /* SignikaNegative-Medium.ttf in Resources */,
				6241A1F82AC7440E00C7921B /* Signika-Medium.ttf in Resources */,
				6241A1F92AC7440E00C7921B /* SignikaNegative-Light.ttf in Resources */,
				6241A1FE2AC7440E00C7921B /* Signika-Light.ttf in Resources */,
				6241A1FC2AC7440E00C7921B /* Signika-Bold.ttf in Resources */,
				6241A1FD2AC7440E00C7921B /* Signika-Regular.ttf in Resources */,
				6241A1F72AC7440E00C7921B /* SignikaNegative-Semibold.ttf in Resources */,
			);
			runOnlyForDeploymentPostprocessing = 0;
		};
/* End PBXResourcesBuildPhase section */

/* Begin PBXSourcesBuildPhase section */
		ABC98B772AB3D9C5005214E5 /* Sources */ = {
			isa = PBXSourcesBuildPhase;
			buildActionMask = 2147483647;
			files = (
				ABFA04ED2ABCCF7500D31DEA /* AppointmentListCell.swift in Sources */,
				6272BFB02AD49759008B589B /* appointmentSectionBuilder.swift in Sources */,
				ABFA04EE2ABCCF7500D31DEA /* ListViewController.swift in Sources */,
				CE9F790D2AC4A2830081AB5A /* RoundedCorners.swift in Sources */,
				CE9F790B2AC4A27A0081AB5A /* PregnantDataViewController.swift in Sources */,
				ABAD4F542AC45DDE007BEC32 /* DropDownComponentView.swift in Sources */,
				ABFA04EF2ABCCF7500D31DEA /* ListView.swift in Sources */,
				CE8EE34B2AC5F7F1000E89E1 /* PacientModel.swift in Sources */,
				ABAD4F4D2AC21514007BEC32 /* DropDownMenuComponent.swift in Sources */,
				ABFA04F02ABCCF7500D31DEA /* AppointementsTableController.swift in Sources */,
				AB9D94212ACE3D0B0064DB69 /* BloodView2.swift in Sources */,
				ABAD4F472ABE2B1A007BEC32 /* AppointmentsVM.swift in Sources */,
				6241A1602AC221D800C7921B /* ModalView.swift in Sources */,
				ABAD4F2B2ABD25C3007BEC32 /* CheckBoxComponentGreenView.swift in Sources */,
				CE60D05C2ACDD6FC00937768 /* Consulta.swift in Sources */,
				ABB82F162AC60931008B73AF /* RoutineDataView.swift in Sources */,
				AB9D942F2AD068C00064DB69 /* DropDownWithLabel.swift in Sources */,
				E8135BB62ABA1BAC00E722FA /* FirstOnboardingViewController.swift in Sources */,
				ABC98BAD2AB3F61C005214E5 /* ProfileView.swift in Sources */,
				62FA7C3A2ABE17160083F6E0 /* BloodExamModel.swift in Sources */,
				ABC98B9E2AB3F0B2005214E5 /* RecurrentDataViewController.swift in Sources */,
				AB9D94242ACE3D5E0064DB69 /* TetanicView.swift in Sources */,
				CEA008AD2AC5F373005F54E5 /* CoreDataFunctions.swift in Sources */,
				E8E0D6472AC36F1A003CE5CD /* ProfileListCell.swift in Sources */,
				ABFDA77B2AC6769B0097656E /* FamilyAntecedentView.swift in Sources */,
				ABFDA77F2AC67BE10097656E /* ClinicAntecedentsView.swift in Sources */,
				ABFDA7772AC656030097656E /* PregnancyTypeView.swift in Sources */,
				ABFA04E52ABC9A5200D31DEA /* MaternityCardViewModel.swift in Sources */,
				E8135BBE2ABA1C0400E722FA /* ThirdOnboardingViewController.swift in Sources */,
				ABC98BA82AB3F5E0005214E5 /* RecurrentDataView.swift in Sources */,
				AB9D94292ACE3E670064DB69 /* H1N1View.swift in Sources */,
				CE0BFA682AC7464C0053C2A6 /* RecurrenteDataViewModel.swift in Sources */,
				ABAD4F4B2AC1A4AB007BEC32 /* PickerComponent.swift in Sources */,
				CE8EE3462AC5F665000E89E1 /* PersonalBGModel.swift in Sources */,
				AB9D941C2ACC988B0064DB69 /* HeaderCell.swift in Sources */,
				E8E0D64B2AC36F41003CE5CD /* AboutViewController.swift in Sources */,
				ABC98BC12AB83C8D005214E5 /* TextField.swift in Sources */,
				ABC98BAF2AB3F630005214E5 /* ProfileViewController.swift in Sources */,
				ABC98BBF2AB83BD6005214E5 /* Constrains.swift in Sources */,
				E8E0D65F2AC6116E003CE5CD /* EmergencyContact.swift in Sources */,
				E8E0D65B2AC4C6F2003CE5CD /* ProfileImageButton.swift in Sources */,
				E8E0D64D2AC36F55003CE5CD /* PregnantDataView.swift in Sources */,
				AB7852F22AB9F97400566EF9 /* UltrasoundView.swift in Sources */,
				AB9D942D2AD0609A0064DB69 /* CustomSeparatorView.swift in Sources */,
				E81A267E2AD49BF1003A25E0 /* RoundedTextField.swift in Sources */,
				CE60D0702ACDF6E000937768 /* Pacient+CoreDataProperties.swift in Sources */,
				AB9D94272ACE3DD40064DB69 /* HepatitisBView.swift in Sources */,
				E8135BBA2ABA1BE700E722FA /* SecondOnboardingViewController.swift in Sources */,
				E8E0D6452AC36F05003CE5CD /* ProfileViewModel.swift in Sources */,
				CE60D06F2ACDF6E000937768 /* Pacient+CoreDataClass.swift in Sources */,
				62D39EAD2ABF1CCC003CF99F /* UtrasoundExam.swift in Sources */,
				E8135BAF2ABA1AD400E722FA /* ApplicationSettings.swift in Sources */,
				CE60D0502ACDAAB900937768 /* Vaccines.swift in Sources */,
				E8135BC02ABA1D0000E722FA /* OnboardingViewController.swift in Sources */,
				ABC98B7F2AB3D9C5005214E5 /* AppDelegate.swift in Sources */,
				ABC98BB62AB3FCC2005214E5 /* MaternityCardCell.swift in Sources */,
				ABC98BB42AB3FCAA005214E5 /* MaternityCardViewController.swift in Sources */,
				E8135BB42ABA1BA300E722FA /* FirstOnboardingView.swift in Sources */,
				ABC98B942AB3DC9C005214E5 /* TabBarViewController.swift in Sources */,
				ABAD4F452ABE22C1007BEC32 /* LabelComponentModel.swift in Sources */,
				ABFDA77D2AC67BBA0097656E /* CurrentGestationView.swift in Sources */,
				ABC98B9A2AB3E458005214E5 /* TabBarView.swift in Sources */,
				ABC98B812AB3D9C5005214E5 /* SceneDelegate.swift in Sources */,
				ABAD4F412ABE1C99007BEC32 /* LabelComponentView.swift in Sources */,
				AB7852F02AB9F95200566EF9 /* BloodView.swift in Sources */,
				ABFDA7752AC646470097656E /* PlannedView.swift in Sources */,
				AB9D94312AD0A2670064DB69 /* PullDownComponent.swift in Sources */,
				E8E0D6512AC36F8E003CE5CD /* ProfileViewController+UITableViewDelegate+UITableViewDatasource.swift in Sources */,
				E8135C262ABE180300E722FA /* RegisterViewModel.swift in Sources */,
				AB9D941A2ACB3D6B0064DB69 /* FooterCell.swift in Sources */,
				ABAD4F2E2ABDF31B007BEC32 /* CheckBoxComponentRedView.swift in Sources */,
				6220F7CB2ABCD32A00CB5230 /* AppointmentsListVM.swift in Sources */,
				ABC98BC62AB83FD0005214E5 /* RegisterViewController.swift in Sources */,
				E8135BB82ABA1BDE00E722FA /* SecondOnboardingView.swift in Sources */,
				ABFA04E72ABCBE0000D31DEA /* MaternityCardModel.swift in Sources */,
				6241A1642AC6212000C7921B /* HistoryViewController.swift in Sources */,
				E81A267B2AD49BCC003A25E0 /* NextButton.swift in Sources */,
				ABB82F132AC5FCF8008B73AF /* HistoryView.swift in Sources */,
				E8E0D6492AC36F37003CE5CD /* AboutView.swift in Sources */,
				ABC98BA22AB3F53D005214E5 /* AppointmentsView.swift in Sources */,
				CE8EE3482AC5F690000E89E1 /* FamilyBGModel.swift in Sources */,
				E8E0D65D2AC60C2B003CE5CD /* PregnantDataViewModel.swift in Sources */,
				E8135BBC2ABA1BF500E722FA /* ThirdOnboardingView.swift in Sources */,
				ABC98BC42AB83EED005214E5 /* RegisterView.swift in Sources */,
				CEA008AB2AC5F364005F54E5 /* CoreDataModel.xcdatamodeld in Sources */,
				ABC98B9C2AB3E677005214E5 /* AppointmentsViewController.swift in Sources */,
				ABFDA7732AC60B460097656E /* PregnancyRiskView.swift in Sources */,
				ABFDA7792AC65A600097656E /* StackViews.swift in Sources */,
			);
			runOnlyForDeploymentPostprocessing = 0;
		};
/* End PBXSourcesBuildPhase section */

/* Begin PBXVariantGroup section */
		ABC98B892AB3D9C6005214E5 /* LaunchScreen.storyboard */ = {
			isa = PBXVariantGroup;
			children = (
				ABC98B8A2AB3D9C6005214E5 /* Base */,
			);
			name = LaunchScreen.storyboard;
			sourceTree = "<group>";
		};
/* End PBXVariantGroup section */

/* Begin XCBuildConfiguration section */
		ABC98B8D2AB3D9C6005214E5 /* Debug */ = {
			isa = XCBuildConfiguration;
			buildSettings = {
				ALWAYS_SEARCH_USER_PATHS = NO;
				CLANG_ANALYZER_NONNULL = YES;
				CLANG_ANALYZER_NUMBER_OBJECT_CONVERSION = YES_AGGRESSIVE;
				CLANG_CXX_LANGUAGE_STANDARD = "gnu++20";
				CLANG_ENABLE_MODULES = YES;
				CLANG_ENABLE_OBJC_ARC = YES;
				CLANG_ENABLE_OBJC_WEAK = YES;
				CLANG_WARN_BLOCK_CAPTURE_AUTORELEASING = YES;
				CLANG_WARN_BOOL_CONVERSION = YES;
				CLANG_WARN_COMMA = YES;
				CLANG_WARN_CONSTANT_CONVERSION = YES;
				CLANG_WARN_DEPRECATED_OBJC_IMPLEMENTATIONS = YES;
				CLANG_WARN_DIRECT_OBJC_ISA_USAGE = YES_ERROR;
				CLANG_WARN_DOCUMENTATION_COMMENTS = YES;
				CLANG_WARN_EMPTY_BODY = YES;
				CLANG_WARN_ENUM_CONVERSION = YES;
				CLANG_WARN_INFINITE_RECURSION = YES;
				CLANG_WARN_INT_CONVERSION = YES;
				CLANG_WARN_NON_LITERAL_NULL_CONVERSION = YES;
				CLANG_WARN_OBJC_IMPLICIT_RETAIN_SELF = YES;
				CLANG_WARN_OBJC_LITERAL_CONVERSION = YES;
				CLANG_WARN_OBJC_ROOT_CLASS = YES_ERROR;
				CLANG_WARN_QUOTED_INCLUDE_IN_FRAMEWORK_HEADER = YES;
				CLANG_WARN_RANGE_LOOP_ANALYSIS = YES;
				CLANG_WARN_STRICT_PROTOTYPES = YES;
				CLANG_WARN_SUSPICIOUS_MOVE = YES;
				CLANG_WARN_UNGUARDED_AVAILABILITY = YES_AGGRESSIVE;
				CLANG_WARN_UNREACHABLE_CODE = YES;
				CLANG_WARN__DUPLICATE_METHOD_MATCH = YES;
				COPY_PHASE_STRIP = NO;
				DEBUG_INFORMATION_FORMAT = dwarf;
				ENABLE_STRICT_OBJC_MSGSEND = YES;
				ENABLE_TESTABILITY = YES;
				ENABLE_USER_SCRIPT_SANDBOXING = YES;
				GCC_C_LANGUAGE_STANDARD = gnu11;
				GCC_DYNAMIC_NO_PIC = NO;
				GCC_NO_COMMON_BLOCKS = YES;
				GCC_OPTIMIZATION_LEVEL = 0;
				GCC_PREPROCESSOR_DEFINITIONS = (
					"DEBUG=1",
					"$(inherited)",
				);
				GCC_WARN_64_TO_32_BIT_CONVERSION = YES;
				GCC_WARN_ABOUT_RETURN_TYPE = YES_ERROR;
				GCC_WARN_UNDECLARED_SELECTOR = YES;
				GCC_WARN_UNINITIALIZED_AUTOS = YES_AGGRESSIVE;
				GCC_WARN_UNUSED_FUNCTION = YES;
				GCC_WARN_UNUSED_VARIABLE = YES;
				IPHONEOS_DEPLOYMENT_TARGET = 16.4;
				MTL_ENABLE_DEBUG_INFO = INCLUDE_SOURCE;
				MTL_FAST_MATH = YES;
				ONLY_ACTIVE_ARCH = YES;
				SDKROOT = iphoneos;
				SWIFT_ACTIVE_COMPILATION_CONDITIONS = DEBUG;
				SWIFT_OPTIMIZATION_LEVEL = "-Onone";
			};
			name = Debug;
		};
		ABC98B8E2AB3D9C6005214E5 /* Release */ = {
			isa = XCBuildConfiguration;
			buildSettings = {
				ALWAYS_SEARCH_USER_PATHS = NO;
				CLANG_ANALYZER_NONNULL = YES;
				CLANG_ANALYZER_NUMBER_OBJECT_CONVERSION = YES_AGGRESSIVE;
				CLANG_CXX_LANGUAGE_STANDARD = "gnu++20";
				CLANG_ENABLE_MODULES = YES;
				CLANG_ENABLE_OBJC_ARC = YES;
				CLANG_ENABLE_OBJC_WEAK = YES;
				CLANG_WARN_BLOCK_CAPTURE_AUTORELEASING = YES;
				CLANG_WARN_BOOL_CONVERSION = YES;
				CLANG_WARN_COMMA = YES;
				CLANG_WARN_CONSTANT_CONVERSION = YES;
				CLANG_WARN_DEPRECATED_OBJC_IMPLEMENTATIONS = YES;
				CLANG_WARN_DIRECT_OBJC_ISA_USAGE = YES_ERROR;
				CLANG_WARN_DOCUMENTATION_COMMENTS = YES;
				CLANG_WARN_EMPTY_BODY = YES;
				CLANG_WARN_ENUM_CONVERSION = YES;
				CLANG_WARN_INFINITE_RECURSION = YES;
				CLANG_WARN_INT_CONVERSION = YES;
				CLANG_WARN_NON_LITERAL_NULL_CONVERSION = YES;
				CLANG_WARN_OBJC_IMPLICIT_RETAIN_SELF = YES;
				CLANG_WARN_OBJC_LITERAL_CONVERSION = YES;
				CLANG_WARN_OBJC_ROOT_CLASS = YES_ERROR;
				CLANG_WARN_QUOTED_INCLUDE_IN_FRAMEWORK_HEADER = YES;
				CLANG_WARN_RANGE_LOOP_ANALYSIS = YES;
				CLANG_WARN_STRICT_PROTOTYPES = YES;
				CLANG_WARN_SUSPICIOUS_MOVE = YES;
				CLANG_WARN_UNGUARDED_AVAILABILITY = YES_AGGRESSIVE;
				CLANG_WARN_UNREACHABLE_CODE = YES;
				CLANG_WARN__DUPLICATE_METHOD_MATCH = YES;
				COPY_PHASE_STRIP = NO;
				DEBUG_INFORMATION_FORMAT = "dwarf-with-dsym";
				ENABLE_NS_ASSERTIONS = NO;
				ENABLE_STRICT_OBJC_MSGSEND = YES;
				ENABLE_USER_SCRIPT_SANDBOXING = YES;
				GCC_C_LANGUAGE_STANDARD = gnu11;
				GCC_NO_COMMON_BLOCKS = YES;
				GCC_WARN_64_TO_32_BIT_CONVERSION = YES;
				GCC_WARN_ABOUT_RETURN_TYPE = YES_ERROR;
				GCC_WARN_UNDECLARED_SELECTOR = YES;
				GCC_WARN_UNINITIALIZED_AUTOS = YES_AGGRESSIVE;
				GCC_WARN_UNUSED_FUNCTION = YES;
				GCC_WARN_UNUSED_VARIABLE = YES;
				IPHONEOS_DEPLOYMENT_TARGET = 16.4;
				MTL_ENABLE_DEBUG_INFO = NO;
				MTL_FAST_MATH = YES;
				SDKROOT = iphoneos;
				SWIFT_COMPILATION_MODE = wholemodule;
				SWIFT_OPTIMIZATION_LEVEL = "-O";
				VALIDATE_PRODUCT = YES;
			};
			name = Release;
		};
		ABC98B902AB3D9C6005214E5 /* Debug */ = {
			isa = XCBuildConfiguration;
			buildSettings = {
				ASSETCATALOG_COMPILER_APPICON_NAME = AppIcon;
				ASSETCATALOG_COMPILER_GLOBAL_ACCENT_COLOR_NAME = AccentColor;
				CODE_SIGN_ENTITLEMENTS = Mini02/Mini02.entitlements;
				CODE_SIGN_STYLE = Automatic;
				CURRENT_PROJECT_VERSION = 1;
				DEVELOPMENT_TEAM = 7PL64AUG55;
				GENERATE_INFOPLIST_FILE = YES;
				INFOPLIST_FILE = Mini02/Info.plist;
				INFOPLIST_KEY_LSApplicationCategoryType = "public.app-category.healthcare-fitness";
				INFOPLIST_KEY_UIApplicationSupportsIndirectInputEvents = YES;
				INFOPLIST_KEY_UILaunchStoryboardName = LaunchScreen;
				INFOPLIST_KEY_UISupportedInterfaceOrientations = UIInterfaceOrientationPortrait;
				INFOPLIST_KEY_UISupportedInterfaceOrientations_iPad = "UIInterfaceOrientationLandscapeLeft UIInterfaceOrientationLandscapeRight UIInterfaceOrientationPortrait UIInterfaceOrientationPortraitUpsideDown";
				LD_RUNPATH_SEARCH_PATHS = (
					"$(inherited)",
					"@executable_path/Frameworks",
				);
				MARKETING_VERSION = 1.8;
				PRODUCT_BUNDLE_IDENTIFIER = Gabriel.Mini02;
				PRODUCT_NAME = "$(TARGET_NAME)";
				SUPPORTED_PLATFORMS = "iphoneos iphonesimulator";
				SUPPORTS_MACCATALYST = NO;
				SUPPORTS_MAC_DESIGNED_FOR_IPHONE_IPAD = NO;
				SWIFT_EMIT_LOC_STRINGS = YES;
				SWIFT_VERSION = 5.0;
				TARGETED_DEVICE_FAMILY = "1,2";
			};
			name = Debug;
		};
		ABC98B912AB3D9C6005214E5 /* Release */ = {
			isa = XCBuildConfiguration;
			buildSettings = {
				ASSETCATALOG_COMPILER_APPICON_NAME = AppIcon;
				ASSETCATALOG_COMPILER_GLOBAL_ACCENT_COLOR_NAME = AccentColor;
				CODE_SIGN_ENTITLEMENTS = Mini02/Mini02.entitlements;
				CODE_SIGN_STYLE = Automatic;
				CURRENT_PROJECT_VERSION = 1;
				DEVELOPMENT_TEAM = 7PL64AUG55;
				GENERATE_INFOPLIST_FILE = YES;
				INFOPLIST_FILE = Mini02/Info.plist;
				INFOPLIST_KEY_LSApplicationCategoryType = "public.app-category.healthcare-fitness";
				INFOPLIST_KEY_UIApplicationSupportsIndirectInputEvents = YES;
				INFOPLIST_KEY_UILaunchStoryboardName = LaunchScreen;
				INFOPLIST_KEY_UISupportedInterfaceOrientations = UIInterfaceOrientationPortrait;
				INFOPLIST_KEY_UISupportedInterfaceOrientations_iPad = "UIInterfaceOrientationLandscapeLeft UIInterfaceOrientationLandscapeRight UIInterfaceOrientationPortrait UIInterfaceOrientationPortraitUpsideDown";
				LD_RUNPATH_SEARCH_PATHS = (
					"$(inherited)",
					"@executable_path/Frameworks",
				);
				MARKETING_VERSION = 1.8;
				PRODUCT_BUNDLE_IDENTIFIER = Gabriel.Mini02;
				PRODUCT_NAME = "$(TARGET_NAME)";
				SUPPORTED_PLATFORMS = "iphoneos iphonesimulator";
				SUPPORTS_MACCATALYST = NO;
				SUPPORTS_MAC_DESIGNED_FOR_IPHONE_IPAD = NO;
				SWIFT_EMIT_LOC_STRINGS = YES;
				SWIFT_VERSION = 5.0;
				TARGETED_DEVICE_FAMILY = "1,2";
			};
			name = Release;
		};
/* End XCBuildConfiguration section */

/* Begin XCConfigurationList section */
		ABC98B762AB3D9C5005214E5 /* Build configuration list for PBXProject "Mini02" */ = {
			isa = XCConfigurationList;
			buildConfigurations = (
				ABC98B8D2AB3D9C6005214E5 /* Debug */,
				ABC98B8E2AB3D9C6005214E5 /* Release */,
			);
			defaultConfigurationIsVisible = 0;
			defaultConfigurationName = Release;
		};
		ABC98B8F2AB3D9C6005214E5 /* Build configuration list for PBXNativeTarget "Mini02" */ = {
			isa = XCConfigurationList;
			buildConfigurations = (
				ABC98B902AB3D9C6005214E5 /* Debug */,
				ABC98B912AB3D9C6005214E5 /* Release */,
			);
			defaultConfigurationIsVisible = 0;
			defaultConfigurationName = Release;
		};
/* End XCConfigurationList section */

/* Begin XCVersionGroup section */
		CEA008A92AC5F364005F54E5 /* CoreDataModel.xcdatamodeld */ = {
			isa = XCVersionGroup;
			children = (
				CEA008AA2AC5F364005F54E5 /* CoreDataModel.xcdatamodel */,
			);
			currentVersion = CEA008AA2AC5F364005F54E5 /* CoreDataModel.xcdatamodel */;
			path = CoreDataModel.xcdatamodeld;
			sourceTree = "<group>";
			versionGroupType = wrapper.xcdatamodel;
		};
/* End XCVersionGroup section */
	};
	rootObject = ABC98B732AB3D9C5005214E5 /* Project object */;
}
